// !$*UTF8*$!
{
	archiveVersion = 1;
	classes = {
	};
	objectVersion = 56;
	objects = {

/* Begin PBXBuildFile section */
		D09C5ED22C0F3F8E002C6F89 /* Constants.swift in Sources */ = {isa = PBXBuildFile; fileRef = D09C5ED12C0F3F8E002C6F89 /* Constants.swift */; };
		D09C5ED52C0F49F0002C6F89 /* JobCategoryView.swift in Sources */ = {isa = PBXBuildFile; fileRef = D09C5ED42C0F49F0002C6F89 /* JobCategoryView.swift */; };
		D09C5ED72C0F564D002C6F89 /* TaskCategoryBtnView.swift in Sources */ = {isa = PBXBuildFile; fileRef = D09C5ED62C0F564D002C6F89 /* TaskCategoryBtnView.swift */; };
		D0C5CED42C12EEBA002582D4 /* JobKindFormView.swift in Sources */ = {isa = PBXBuildFile; fileRef = D0C5CED32C12EEBA002582D4 /* JobKindFormView.swift */; };
		D0C5CED62C12F3AF002582D4 /* DescriptionFormView.swift in Sources */ = {isa = PBXBuildFile; fileRef = D0C5CED52C12F3AF002582D4 /* DescriptionFormView.swift */; };
		D0D3A9962C11537C000DFFB8 /* SearchBarView.swift in Sources */ = {isa = PBXBuildFile; fileRef = D0D3A9952C11537C000DFFB8 /* SearchBarView.swift */; };
		D0D3A9982C117C29000DFFB8 /* SearchTableCell.swift in Sources */ = {isa = PBXBuildFile; fileRef = D0D3A9972C117C29000DFFB8 /* SearchTableCell.swift */; };
		D0D3A99A2C11A868000DFFB8 /* Extensions.swift in Sources */ = {isa = PBXBuildFile; fileRef = D0D3A9992C11A868000DFFB8 /* Extensions.swift */; };
		D0D3A99F2C11B975000DFFB8 /* CreateJobController.swift in Sources */ = {isa = PBXBuildFile; fileRef = D0D3A99E2C11B975000DFFB8 /* CreateJobController.swift */; };
		D0E923DA2C0E8D250070977A /* AppDelegate.swift in Sources */ = {isa = PBXBuildFile; fileRef = D0E923D92C0E8D250070977A /* AppDelegate.swift */; };
		D0E923DC2C0E8D250070977A /* SceneDelegate.swift in Sources */ = {isa = PBXBuildFile; fileRef = D0E923DB2C0E8D250070977A /* SceneDelegate.swift */; };
		D0E923DE2C0E8D250070977A /* CustomerHomeController.swift in Sources */ = {isa = PBXBuildFile; fileRef = D0E923DD2C0E8D250070977A /* CustomerHomeController.swift */; };
		D0E923E32C0E8D270070977A /* Assets.xcassets in Resources */ = {isa = PBXBuildFile; fileRef = D0E923E22C0E8D270070977A /* Assets.xcassets */; };
		D0E923E62C0E8D270070977A /* Base in Resources */ = {isa = PBXBuildFile; fileRef = D0E923E52C0E8D270070977A /* Base */; };
		D0E923EF2C0E98420070977A /* CustomerMyTasksController.swift in Sources */ = {isa = PBXBuildFile; fileRef = D0E923EE2C0E98420070977A /* CustomerMyTasksController.swift */; };
		D0E923F12C0E98670070977A /* SettingsController.swift in Sources */ = {isa = PBXBuildFile; fileRef = D0E923F02C0E98670070977A /* SettingsController.swift */; };
		D0E923F32C0E98C90070977A /* TabController.swift in Sources */ = {isa = PBXBuildFile; fileRef = D0E923F22C0E98C90070977A /* TabController.swift */; };
		FF05FD602C1444E30083B839 /* JobPaymentView.swift in Sources */ = {isa = PBXBuildFile; fileRef = FF05FD5F2C1444E30083B839 /* JobPaymentView.swift */; };
		FF0B76EC2C29CEE70019FD8B /* LogoLoadingController.swift in Sources */ = {isa = PBXBuildFile; fileRef = FF0B76EB2C29CEE70019FD8B /* LogoLoadingController.swift */; };
		FF28AF5B2C2129DB00F58D0F /* MediaScrollView.swift in Sources */ = {isa = PBXBuildFile; fileRef = FF28AF5A2C2129DB00F58D0F /* MediaScrollView.swift */; };
		FF28AF5D2C212BBC00F58D0F /* MediaView.swift in Sources */ = {isa = PBXBuildFile; fileRef = FF28AF5C2C212BBC00F58D0F /* MediaView.swift */; };
		FF3E57BD2C2294EE0040F617 /* PlayableMediaView.swift in Sources */ = {isa = PBXBuildFile; fileRef = FF3E57BC2C2294EE0040F617 /* PlayableMediaView.swift */; };
		FF45E4B32C161047000F1BE7 /* JobDescriptionView.swift in Sources */ = {isa = PBXBuildFile; fileRef = FF45E4B22C161047000F1BE7 /* JobDescriptionView.swift */; };
		FF45E4B52C1613BA000F1BE7 /* JobPhotosVideosView.swift in Sources */ = {isa = PBXBuildFile; fileRef = FF45E4B42C1613BA000F1BE7 /* JobPhotosVideosView.swift */; };
		FF45E4B72C161674000F1BE7 /* JobHelperInfoView.swift in Sources */ = {isa = PBXBuildFile; fileRef = FF45E4B62C161674000F1BE7 /* JobHelperInfoView.swift */; };
		FF6045722C4178CB0063176A /* HelperMyTasksController.swift in Sources */ = {isa = PBXBuildFile; fileRef = FF6045712C4178CB0063176A /* HelperMyTasksController.swift */; };
		FF6045752C417F060063176A /* TaskRequiredEquipmentView.swift in Sources */ = {isa = PBXBuildFile; fileRef = FF6045742C417F060063176A /* TaskRequiredEquipmentView.swift */; };
		FF6045772C4184F20063176A /* AcceptedTasksInfoController.swift in Sources */ = {isa = PBXBuildFile; fileRef = FF6045762C4184F20063176A /* AcceptedTasksInfoController.swift */; };
		FF6527832C1424460077E630 /* JobHoursView.swift in Sources */ = {isa = PBXBuildFile; fileRef = FF6527822C1424460077E630 /* JobHoursView.swift */; };
		FF6527852C1429FD0077E630 /* AddEquipmentFormView.swift in Sources */ = {isa = PBXBuildFile; fileRef = FF6527842C1429FD0077E630 /* AddEquipmentFormView.swift */; };
		FF6882072C1C787200288618 /* FirestoreHandler.swift in Sources */ = {isa = PBXBuildFile; fileRef = FF6882062C1C787200288618 /* FirestoreHandler.swift */; };
		FF6882092C1C790700288618 /* Helper.swift in Sources */ = {isa = PBXBuildFile; fileRef = FF6882082C1C790600288618 /* Helper.swift */; };
		FF86A0152C1E52BE00E5F675 /* MapController.swift in Sources */ = {isa = PBXBuildFile; fileRef = FF86A0142C1E52BE00E5F675 /* MapController.swift */; };
		FF879A472C1B2C2E00922513 /* SettingsTableCell.swift in Sources */ = {isa = PBXBuildFile; fileRef = FF879A462C1B2C2E00922513 /* SettingsTableCell.swift */; };
		FF879A492C1B2CBF00922513 /* SettingsOption.swift in Sources */ = {isa = PBXBuildFile; fileRef = FF879A482C1B2CBF00922513 /* SettingsOption.swift */; };
		FF879A4C2C1BA2EE00922513 /* PersonalInfoController.swift in Sources */ = {isa = PBXBuildFile; fileRef = FF879A4B2C1BA2EE00922513 /* PersonalInfoController.swift */; };
		FF879A4F2C1BA62700922513 /* FirstLastNameForm.swift in Sources */ = {isa = PBXBuildFile; fileRef = FF879A4E2C1BA62700922513 /* FirstLastNameForm.swift */; };
		FF879A512C1BB50500922513 /* NotificationSettingsController.swift in Sources */ = {isa = PBXBuildFile; fileRef = FF879A502C1BB50500922513 /* NotificationSettingsController.swift */; };
		FF879A552C1BB5E900922513 /* SupportController.swift in Sources */ = {isa = PBXBuildFile; fileRef = FF879A542C1BB5E900922513 /* SupportController.swift */; };
		FF919BCB2C274E0F00A1FE27 /* MediaPlayerController.swift in Sources */ = {isa = PBXBuildFile; fileRef = FF919BCA2C274E0F00A1FE27 /* MediaPlayerController.swift */; };
		FF919BCD2C275E2700A1FE27 /* DataManager.swift in Sources */ = {isa = PBXBuildFile; fileRef = FF919BCC2C275E2700A1FE27 /* DataManager.swift */; };
		FF929AA02C40CB37007B0307 /* AvailableTaskInfoController.swift in Sources */ = {isa = PBXBuildFile; fileRef = FF929A9F2C40CB37007B0307 /* AvailableTaskInfoController.swift */; };
		FFC07FDC2C141B190040EF03 /* JobDateTimeView.swift in Sources */ = {isa = PBXBuildFile; fileRef = FFC07FDB2C141B190040EF03 /* JobDateTimeView.swift */; };
		FFD8A9992C15588D009F5C8C /* LoadingScreenController.swift in Sources */ = {isa = PBXBuildFile; fileRef = FFD8A9982C15588D009F5C8C /* LoadingScreenController.swift */; };
		FFD8A99B2C157908009F5C8C /* TaskListing.swift in Sources */ = {isa = PBXBuildFile; fileRef = FFD8A99A2C157908009F5C8C /* TaskListing.swift */; };
		FFD8A99D2C157924009F5C8C /* CustomFunctions.swift in Sources */ = {isa = PBXBuildFile; fileRef = FFD8A99C2C157924009F5C8C /* CustomFunctions.swift */; };
		FFD8A9A02C157A6E009F5C8C /* CurrentTasksCell.swift in Sources */ = {isa = PBXBuildFile; fileRef = FFD8A99F2C157A6E009F5C8C /* CurrentTasksCell.swift */; };
		FFD8A9A22C15B99F009F5C8C /* JobInfoController.swift in Sources */ = {isa = PBXBuildFile; fileRef = FFD8A9A12C15B99F009F5C8C /* JobInfoController.swift */; };
		FFD8A9A52C15B9EB009F5C8C /* JobQuickInfoView.swift in Sources */ = {isa = PBXBuildFile; fileRef = FFD8A9A42C15B9EB009F5C8C /* JobQuickInfoView.swift */; };
		FFD9EFBE2C4F156F0054DCD6 /* GoogleService-Info.plist in Resources */ = {isa = PBXBuildFile; fileRef = FFD9EFBD2C4F156F0054DCD6 /* GoogleService-Info.plist */; };
		FFF372CF2C16C45A00F8D362 /* Task.swift in Sources */ = {isa = PBXBuildFile; fileRef = FFF372CE2C16C45A00F8D362 /* Task.swift */; };
		FFF372D12C16C59B00F8D362 /* LoginController.swift in Sources */ = {isa = PBXBuildFile; fileRef = FFF372D02C16C59B00F8D362 /* LoginController.swift */; };
		FFF372D32C16C5CE00F8D362 /* AuthHeaderView.swift in Sources */ = {isa = PBXBuildFile; fileRef = FFF372D22C16C5CE00F8D362 /* AuthHeaderView.swift */; };
		FFF372D52C16C60000F8D362 /* CustomAuthTextField.swift in Sources */ = {isa = PBXBuildFile; fileRef = FFF372D42C16C60000F8D362 /* CustomAuthTextField.swift */; };
		FFF372D72C16C64200F8D362 /* CustomAuthButton.swift in Sources */ = {isa = PBXBuildFile; fileRef = FFF372D62C16C64200F8D362 /* CustomAuthButton.swift */; };
		FFF372D92C16C78900F8D362 /* RegisterController.swift in Sources */ = {isa = PBXBuildFile; fileRef = FFF372D82C16C78900F8D362 /* RegisterController.swift */; };
		FFF372DC2C16C7D100F8D362 /* RegisterUserRequest.swift in Sources */ = {isa = PBXBuildFile; fileRef = FFF372DB2C16C7D100F8D362 /* RegisterUserRequest.swift */; };
		FFF372DE2C16C7E000F8D362 /* LoginUserRequest.swift in Sources */ = {isa = PBXBuildFile; fileRef = FFF372DD2C16C7E000F8D362 /* LoginUserRequest.swift */; };
		FFF372E02C16C7EC00F8D362 /* User.swift in Sources */ = {isa = PBXBuildFile; fileRef = FFF372DF2C16C7EC00F8D362 /* User.swift */; };
		FFF372E22C16C80500F8D362 /* Validator.swift in Sources */ = {isa = PBXBuildFile; fileRef = FFF372E12C16C80500F8D362 /* Validator.swift */; };
		FFF372E52C16C84800F8D362 /* AlertManager.swift in Sources */ = {isa = PBXBuildFile; fileRef = FFF372E42C16C84800F8D362 /* AlertManager.swift */; };
		FFF372E72C16C87400F8D362 /* AuthService.swift in Sources */ = {isa = PBXBuildFile; fileRef = FFF372E62C16C87400F8D362 /* AuthService.swift */; };
		FFF372E92C16C8B800F8D362 /* ForgotPasswordController.swift in Sources */ = {isa = PBXBuildFile; fileRef = FFF372E82C16C8B800F8D362 /* ForgotPasswordController.swift */; };
		FFF372EB2C16C94500F8D362 /* WebViewerController.swift in Sources */ = {isa = PBXBuildFile; fileRef = FFF372EA2C16C94500F8D362 /* WebViewerController.swift */; };
		FFF372F02C16CB9800F8D362 /* FirebaseAnalytics in Frameworks */ = {isa = PBXBuildFile; productRef = FFF372EF2C16CB9800F8D362 /* FirebaseAnalytics */; };
		FFF372F22C16CB9800F8D362 /* FirebaseAuth in Frameworks */ = {isa = PBXBuildFile; productRef = FFF372F12C16CB9800F8D362 /* FirebaseAuth */; };
		FFF372F42C16CB9800F8D362 /* FirebaseFirestore in Frameworks */ = {isa = PBXBuildFile; productRef = FFF372F32C16CB9800F8D362 /* FirebaseFirestore */; };
		FFF372F62C16CB9800F8D362 /* FirebaseStorage in Frameworks */ = {isa = PBXBuildFile; productRef = FFF372F52C16CB9800F8D362 /* FirebaseStorage */; };
		FFF372F82C16F2B800F8D362 /* CategoriesTableCell.swift in Sources */ = {isa = PBXBuildFile; fileRef = FFF372F72C16F2B800F8D362 /* CategoriesTableCell.swift */; };
		FFF3F21A2C3F01FD00E20496 /* HelperDashboardController.swift in Sources */ = {isa = PBXBuildFile; fileRef = FFF3F2192C3F01FD00E20496 /* HelperDashboardController.swift */; };
		FFF3F21D2C3F048100E20496 /* PaymentSettingsController.swift in Sources */ = {isa = PBXBuildFile; fileRef = FFF3F21C2C3F048100E20496 /* PaymentSettingsController.swift */; };
		FFF3F2202C3F06EB00E20496 /* AllHelperJobsController.swift in Sources */ = {isa = PBXBuildFile; fileRef = FFF3F21F2C3F06EB00E20496 /* AllHelperJobsController.swift */; };
		FFF3F2232C3F086200E20496 /* HelperCurrentTasksCell.swift in Sources */ = {isa = PBXBuildFile; fileRef = FFF3F2222C3F086200E20496 /* HelperCurrentTasksCell.swift */; };
/* End PBXBuildFile section */

/* Begin PBXFileReference section */
		D09C5ED12C0F3F8E002C6F89 /* Constants.swift */ = {isa = PBXFileReference; lastKnownFileType = sourcecode.swift; path = Constants.swift; sourceTree = "<group>"; };
		D09C5ED42C0F49F0002C6F89 /* JobCategoryView.swift */ = {isa = PBXFileReference; lastKnownFileType = sourcecode.swift; path = JobCategoryView.swift; sourceTree = "<group>"; };
		D09C5ED62C0F564D002C6F89 /* TaskCategoryBtnView.swift */ = {isa = PBXFileReference; lastKnownFileType = sourcecode.swift; path = TaskCategoryBtnView.swift; sourceTree = "<group>"; };
		D0C5CED32C12EEBA002582D4 /* JobKindFormView.swift */ = {isa = PBXFileReference; lastKnownFileType = sourcecode.swift; path = JobKindFormView.swift; sourceTree = "<group>"; };
		D0C5CED52C12F3AF002582D4 /* DescriptionFormView.swift */ = {isa = PBXFileReference; lastKnownFileType = sourcecode.swift; path = DescriptionFormView.swift; sourceTree = "<group>"; };
		D0D3A9952C11537C000DFFB8 /* SearchBarView.swift */ = {isa = PBXFileReference; lastKnownFileType = sourcecode.swift; path = SearchBarView.swift; sourceTree = "<group>"; };
		D0D3A9972C117C29000DFFB8 /* SearchTableCell.swift */ = {isa = PBXFileReference; lastKnownFileType = sourcecode.swift; path = SearchTableCell.swift; sourceTree = "<group>"; };
		D0D3A9992C11A868000DFFB8 /* Extensions.swift */ = {isa = PBXFileReference; lastKnownFileType = sourcecode.swift; path = Extensions.swift; sourceTree = "<group>"; };
		D0D3A99E2C11B975000DFFB8 /* CreateJobController.swift */ = {isa = PBXFileReference; lastKnownFileType = sourcecode.swift; path = CreateJobController.swift; sourceTree = "<group>"; };
		D0E923D62C0E8D250070977A /* Kogyo.app */ = {isa = PBXFileReference; explicitFileType = wrapper.application; includeInIndex = 0; path = Kogyo.app; sourceTree = BUILT_PRODUCTS_DIR; };
		D0E923D92C0E8D250070977A /* AppDelegate.swift */ = {isa = PBXFileReference; lastKnownFileType = sourcecode.swift; path = AppDelegate.swift; sourceTree = "<group>"; };
		D0E923DB2C0E8D250070977A /* SceneDelegate.swift */ = {isa = PBXFileReference; lastKnownFileType = sourcecode.swift; path = SceneDelegate.swift; sourceTree = "<group>"; };
		D0E923DD2C0E8D250070977A /* CustomerHomeController.swift */ = {isa = PBXFileReference; lastKnownFileType = sourcecode.swift; path = CustomerHomeController.swift; sourceTree = "<group>"; };
		D0E923E22C0E8D270070977A /* Assets.xcassets */ = {isa = PBXFileReference; lastKnownFileType = folder.assetcatalog; path = Assets.xcassets; sourceTree = "<group>"; };
		D0E923E52C0E8D270070977A /* Base */ = {isa = PBXFileReference; lastKnownFileType = file.storyboard; name = Base; path = Base.lproj/LaunchScreen.storyboard; sourceTree = "<group>"; };
		D0E923E72C0E8D270070977A /* Info.plist */ = {isa = PBXFileReference; lastKnownFileType = text.plist.xml; path = Info.plist; sourceTree = "<group>"; };
		D0E923EE2C0E98420070977A /* CustomerMyTasksController.swift */ = {isa = PBXFileReference; lastKnownFileType = sourcecode.swift; path = CustomerMyTasksController.swift; sourceTree = "<group>"; };
		D0E923F02C0E98670070977A /* SettingsController.swift */ = {isa = PBXFileReference; lastKnownFileType = sourcecode.swift; path = SettingsController.swift; sourceTree = "<group>"; };
		D0E923F22C0E98C90070977A /* TabController.swift */ = {isa = PBXFileReference; lastKnownFileType = sourcecode.swift; path = TabController.swift; sourceTree = "<group>"; };
		FF05FD5F2C1444E30083B839 /* JobPaymentView.swift */ = {isa = PBXFileReference; lastKnownFileType = sourcecode.swift; path = JobPaymentView.swift; sourceTree = "<group>"; };
		FF0B76EB2C29CEE70019FD8B /* LogoLoadingController.swift */ = {isa = PBXFileReference; lastKnownFileType = sourcecode.swift; path = LogoLoadingController.swift; sourceTree = "<group>"; };
		FF28AF5A2C2129DB00F58D0F /* MediaScrollView.swift */ = {isa = PBXFileReference; lastKnownFileType = sourcecode.swift; path = MediaScrollView.swift; sourceTree = "<group>"; };
		FF28AF5C2C212BBC00F58D0F /* MediaView.swift */ = {isa = PBXFileReference; lastKnownFileType = sourcecode.swift; path = MediaView.swift; sourceTree = "<group>"; };
		FF3E57BC2C2294EE0040F617 /* PlayableMediaView.swift */ = {isa = PBXFileReference; lastKnownFileType = sourcecode.swift; path = PlayableMediaView.swift; sourceTree = "<group>"; };
		FF45E4B22C161047000F1BE7 /* JobDescriptionView.swift */ = {isa = PBXFileReference; lastKnownFileType = sourcecode.swift; path = JobDescriptionView.swift; sourceTree = "<group>"; };
		FF45E4B42C1613BA000F1BE7 /* JobPhotosVideosView.swift */ = {isa = PBXFileReference; lastKnownFileType = sourcecode.swift; path = JobPhotosVideosView.swift; sourceTree = "<group>"; };
		FF45E4B62C161674000F1BE7 /* JobHelperInfoView.swift */ = {isa = PBXFileReference; lastKnownFileType = sourcecode.swift; path = JobHelperInfoView.swift; sourceTree = "<group>"; };
		FF6045712C4178CB0063176A /* HelperMyTasksController.swift */ = {isa = PBXFileReference; lastKnownFileType = sourcecode.swift; path = HelperMyTasksController.swift; sourceTree = "<group>"; };
		FF6045742C417F060063176A /* TaskRequiredEquipmentView.swift */ = {isa = PBXFileReference; lastKnownFileType = sourcecode.swift; path = TaskRequiredEquipmentView.swift; sourceTree = "<group>"; };
		FF6045762C4184F20063176A /* AcceptedTasksInfoController.swift */ = {isa = PBXFileReference; lastKnownFileType = sourcecode.swift; path = AcceptedTasksInfoController.swift; sourceTree = "<group>"; };
		FF6527822C1424460077E630 /* JobHoursView.swift */ = {isa = PBXFileReference; lastKnownFileType = sourcecode.swift; path = JobHoursView.swift; sourceTree = "<group>"; };
		FF6527842C1429FD0077E630 /* AddEquipmentFormView.swift */ = {isa = PBXFileReference; lastKnownFileType = sourcecode.swift; path = AddEquipmentFormView.swift; sourceTree = "<group>"; };
		FF6882062C1C787200288618 /* FirestoreHandler.swift */ = {isa = PBXFileReference; lastKnownFileType = sourcecode.swift; path = FirestoreHandler.swift; sourceTree = "<group>"; };
		FF6882082C1C790600288618 /* Helper.swift */ = {isa = PBXFileReference; lastKnownFileType = sourcecode.swift; path = Helper.swift; sourceTree = "<group>"; };
		FF86A0142C1E52BE00E5F675 /* MapController.swift */ = {isa = PBXFileReference; lastKnownFileType = sourcecode.swift; path = MapController.swift; sourceTree = "<group>"; };
		FF879A462C1B2C2E00922513 /* SettingsTableCell.swift */ = {isa = PBXFileReference; lastKnownFileType = sourcecode.swift; path = SettingsTableCell.swift; sourceTree = "<group>"; };
		FF879A482C1B2CBF00922513 /* SettingsOption.swift */ = {isa = PBXFileReference; lastKnownFileType = sourcecode.swift; path = SettingsOption.swift; sourceTree = "<group>"; };
		FF879A4B2C1BA2EE00922513 /* PersonalInfoController.swift */ = {isa = PBXFileReference; lastKnownFileType = sourcecode.swift; path = PersonalInfoController.swift; sourceTree = "<group>"; };
		FF879A4E2C1BA62700922513 /* FirstLastNameForm.swift */ = {isa = PBXFileReference; lastKnownFileType = sourcecode.swift; path = FirstLastNameForm.swift; sourceTree = "<group>"; };
		FF879A502C1BB50500922513 /* NotificationSettingsController.swift */ = {isa = PBXFileReference; lastKnownFileType = sourcecode.swift; path = NotificationSettingsController.swift; sourceTree = "<group>"; };
		FF879A542C1BB5E900922513 /* SupportController.swift */ = {isa = PBXFileReference; lastKnownFileType = sourcecode.swift; path = SupportController.swift; sourceTree = "<group>"; };
		FF919BCA2C274E0F00A1FE27 /* MediaPlayerController.swift */ = {isa = PBXFileReference; lastKnownFileType = sourcecode.swift; path = MediaPlayerController.swift; sourceTree = "<group>"; };
		FF919BCC2C275E2700A1FE27 /* DataManager.swift */ = {isa = PBXFileReference; lastKnownFileType = sourcecode.swift; path = DataManager.swift; sourceTree = "<group>"; };
		FF929A9F2C40CB37007B0307 /* AvailableTaskInfoController.swift */ = {isa = PBXFileReference; lastKnownFileType = sourcecode.swift; path = AvailableTaskInfoController.swift; sourceTree = "<group>"; };
		FFC07FDB2C141B190040EF03 /* JobDateTimeView.swift */ = {isa = PBXFileReference; lastKnownFileType = sourcecode.swift; path = JobDateTimeView.swift; sourceTree = "<group>"; };
		FFD8A9982C15588D009F5C8C /* LoadingScreenController.swift */ = {isa = PBXFileReference; lastKnownFileType = sourcecode.swift; path = LoadingScreenController.swift; sourceTree = "<group>"; };
		FFD8A99A2C157908009F5C8C /* TaskListing.swift */ = {isa = PBXFileReference; lastKnownFileType = sourcecode.swift; path = TaskListing.swift; sourceTree = "<group>"; };
		FFD8A99C2C157924009F5C8C /* CustomFunctions.swift */ = {isa = PBXFileReference; lastKnownFileType = sourcecode.swift; path = CustomFunctions.swift; sourceTree = "<group>"; };
		FFD8A99F2C157A6E009F5C8C /* CurrentTasksCell.swift */ = {isa = PBXFileReference; lastKnownFileType = sourcecode.swift; path = CurrentTasksCell.swift; sourceTree = "<group>"; };
		FFD8A9A12C15B99F009F5C8C /* JobInfoController.swift */ = {isa = PBXFileReference; lastKnownFileType = sourcecode.swift; path = JobInfoController.swift; sourceTree = "<group>"; };
		FFD8A9A42C15B9EB009F5C8C /* JobQuickInfoView.swift */ = {isa = PBXFileReference; lastKnownFileType = sourcecode.swift; path = JobQuickInfoView.swift; sourceTree = "<group>"; };
		FFD9EFBD2C4F156F0054DCD6 /* GoogleService-Info.plist */ = {isa = PBXFileReference; fileEncoding = 4; lastKnownFileType = text.plist.xml; path = "GoogleService-Info.plist"; sourceTree = "<group>"; };
		FFF372CE2C16C45A00F8D362 /* Task.swift */ = {isa = PBXFileReference; lastKnownFileType = sourcecode.swift; path = Task.swift; sourceTree = "<group>"; };
		FFF372D02C16C59B00F8D362 /* LoginController.swift */ = {isa = PBXFileReference; lastKnownFileType = sourcecode.swift; path = LoginController.swift; sourceTree = "<group>"; };
		FFF372D22C16C5CE00F8D362 /* AuthHeaderView.swift */ = {isa = PBXFileReference; lastKnownFileType = sourcecode.swift; path = AuthHeaderView.swift; sourceTree = "<group>"; };
		FFF372D42C16C60000F8D362 /* CustomAuthTextField.swift */ = {isa = PBXFileReference; lastKnownFileType = sourcecode.swift; path = CustomAuthTextField.swift; sourceTree = "<group>"; };
		FFF372D62C16C64200F8D362 /* CustomAuthButton.swift */ = {isa = PBXFileReference; lastKnownFileType = sourcecode.swift; path = CustomAuthButton.swift; sourceTree = "<group>"; };
		FFF372D82C16C78900F8D362 /* RegisterController.swift */ = {isa = PBXFileReference; lastKnownFileType = sourcecode.swift; path = RegisterController.swift; sourceTree = "<group>"; };
		FFF372DB2C16C7D100F8D362 /* RegisterUserRequest.swift */ = {isa = PBXFileReference; lastKnownFileType = sourcecode.swift; path = RegisterUserRequest.swift; sourceTree = "<group>"; };
		FFF372DD2C16C7E000F8D362 /* LoginUserRequest.swift */ = {isa = PBXFileReference; lastKnownFileType = sourcecode.swift; path = LoginUserRequest.swift; sourceTree = "<group>"; };
		FFF372DF2C16C7EC00F8D362 /* User.swift */ = {isa = PBXFileReference; lastKnownFileType = sourcecode.swift; path = User.swift; sourceTree = "<group>"; };
		FFF372E12C16C80500F8D362 /* Validator.swift */ = {isa = PBXFileReference; lastKnownFileType = sourcecode.swift; path = Validator.swift; sourceTree = "<group>"; };
		FFF372E42C16C84800F8D362 /* AlertManager.swift */ = {isa = PBXFileReference; lastKnownFileType = sourcecode.swift; path = AlertManager.swift; sourceTree = "<group>"; };
		FFF372E62C16C87400F8D362 /* AuthService.swift */ = {isa = PBXFileReference; lastKnownFileType = sourcecode.swift; path = AuthService.swift; sourceTree = "<group>"; };
		FFF372E82C16C8B800F8D362 /* ForgotPasswordController.swift */ = {isa = PBXFileReference; lastKnownFileType = sourcecode.swift; path = ForgotPasswordController.swift; sourceTree = "<group>"; };
		FFF372EA2C16C94500F8D362 /* WebViewerController.swift */ = {isa = PBXFileReference; lastKnownFileType = sourcecode.swift; path = WebViewerController.swift; sourceTree = "<group>"; };
		FFF372F72C16F2B800F8D362 /* CategoriesTableCell.swift */ = {isa = PBXFileReference; lastKnownFileType = sourcecode.swift; path = CategoriesTableCell.swift; sourceTree = "<group>"; };
		FFF3F2192C3F01FD00E20496 /* HelperDashboardController.swift */ = {isa = PBXFileReference; lastKnownFileType = sourcecode.swift; path = HelperDashboardController.swift; sourceTree = "<group>"; };
		FFF3F21C2C3F048100E20496 /* PaymentSettingsController.swift */ = {isa = PBXFileReference; fileEncoding = 4; lastKnownFileType = sourcecode.swift; path = PaymentSettingsController.swift; sourceTree = "<group>"; };
		FFF3F21F2C3F06EB00E20496 /* AllHelperJobsController.swift */ = {isa = PBXFileReference; lastKnownFileType = sourcecode.swift; path = AllHelperJobsController.swift; sourceTree = "<group>"; };
		FFF3F2222C3F086200E20496 /* HelperCurrentTasksCell.swift */ = {isa = PBXFileReference; lastKnownFileType = sourcecode.swift; path = HelperCurrentTasksCell.swift; sourceTree = "<group>"; };
/* End PBXFileReference section */

/* Begin PBXFrameworksBuildPhase section */
		D0E923D32C0E8D250070977A /* Frameworks */ = {
			isa = PBXFrameworksBuildPhase;
			buildActionMask = 2147483647;
			files = (
				FFF372F02C16CB9800F8D362 /* FirebaseAnalytics in Frameworks */,
				FFF372F62C16CB9800F8D362 /* FirebaseStorage in Frameworks */,
				FFF372F22C16CB9800F8D362 /* FirebaseAuth in Frameworks */,
				FFF372F42C16CB9800F8D362 /* FirebaseFirestore in Frameworks */,
			);
			runOnlyForDeploymentPostprocessing = 0;
		};
/* End PBXFrameworksBuildPhase section */

/* Begin PBXGroup section */
		D09C5ECE2C0F3F64002C6F89 /* Models & Other */ = {
			isa = PBXGroup;
			children = (
				FF6882062C1C787200288618 /* FirestoreHandler.swift */,
				FF919BCC2C275E2700A1FE27 /* DataManager.swift */,
				FF919BCE2C27601100A1FE27 /* Data */,
				FFF372CD2C16C44100F8D362 /* Models */,
				FFF372CC2C16C43300F8D362 /* Constants+Extensions */,
			);
			path = "Models & Other";
			sourceTree = "<group>";
		};
		D09C5ED32C0F49BE002C6F89 /* Home Screen Views */ = {
			isa = PBXGroup;
			children = (
				D09C5ED42C0F49F0002C6F89 /* JobCategoryView.swift */,
				D09C5ED62C0F564D002C6F89 /* TaskCategoryBtnView.swift */,
				D0D3A9952C11537C000DFFB8 /* SearchBarView.swift */,
				D0D3A9972C117C29000DFFB8 /* SearchTableCell.swift */,
				FFF372F72C16F2B800F8D362 /* CategoriesTableCell.swift */,
			);
			path = "Home Screen Views";
			sourceTree = "<group>";
		};
		D0D3A99B2C11B91B000DFFB8 /* Controllers */ = {
			isa = PBXGroup;
			children = (
				D0E923DD2C0E8D250070977A /* CustomerHomeController.swift */,
				D0D3A99E2C11B975000DFFB8 /* CreateJobController.swift */,
				FF86A0142C1E52BE00E5F675 /* MapController.swift */,
				D0E923EE2C0E98420070977A /* CustomerMyTasksController.swift */,
				FFD8A9982C15588D009F5C8C /* LoadingScreenController.swift */,
				FFD8A9A12C15B99F009F5C8C /* JobInfoController.swift */,
				D0E923F02C0E98670070977A /* SettingsController.swift */,
				FF919BCA2C274E0F00A1FE27 /* MediaPlayerController.swift */,
				FF879A4A2C1B2F3D00922513 /* Settings View Controllers */,
			);
			path = Controllers;
			sourceTree = "<group>";
		};
		D0D3A99C2C11B94A000DFFB8 /* Views */ = {
			isa = PBXGroup;
			children = (
				FF879A452C1B2C1000922513 /* Setting Views */,
				FFD8A99E2C157A4B009F5C8C /* Current Task Views */,
				D0D3A99D2C11B951000DFFB8 /* Add Job Views */,
				D09C5ED32C0F49BE002C6F89 /* Home Screen Views */,
			);
			path = Views;
			sourceTree = "<group>";
		};
		D0D3A99D2C11B951000DFFB8 /* Add Job Views */ = {
			isa = PBXGroup;
			children = (
				FF28AF572C21258D00F58D0F /* AddMediaView */,
				D0C5CED32C12EEBA002582D4 /* JobKindFormView.swift */,
				D0C5CED52C12F3AF002582D4 /* DescriptionFormView.swift */,
				FFC07FDB2C141B190040EF03 /* JobDateTimeView.swift */,
				FF6527822C1424460077E630 /* JobHoursView.swift */,
				FF6527842C1429FD0077E630 /* AddEquipmentFormView.swift */,
				FF05FD5F2C1444E30083B839 /* JobPaymentView.swift */,
			);
			path = "Add Job Views";
			sourceTree = "<group>";
		};
		D0E923CD2C0E8D250070977A = {
			isa = PBXGroup;
			children = (
				D0E923D82C0E8D250070977A /* Kogyo */,
				D0E923D72C0E8D250070977A /* Products */,
			);
			sourceTree = "<group>";
		};
		D0E923D72C0E8D250070977A /* Products */ = {
			isa = PBXGroup;
			children = (
				D0E923D62C0E8D250070977A /* Kogyo.app */,
			);
			name = Products;
			sourceTree = "<group>";
		};
		D0E923D82C0E8D250070977A /* Kogyo */ = {
			isa = PBXGroup;
			children = (
				FFF3F21B2C3F036000E20496 /* Authentication */,
				FF6045732C417E7C0063176A /* Shared Controllers & Views */,
				FFF3F2172C3F01B300E20496 /* Customer Side of the App */,
				FFF3F2182C3F01C600E20496 /* Helper Side of the App */,
				D09C5ECE2C0F3F64002C6F89 /* Models & Other */,
				D0E923ED2C0E8DBA0070977A /* Supporting */,
				D0E923E72C0E8D270070977A /* Info.plist */,
			);
			path = Kogyo;
			sourceTree = "<group>";
		};
		D0E923ED2C0E8DBA0070977A /* Supporting */ = {
			isa = PBXGroup;
			children = (
				D0E923E22C0E8D270070977A /* Assets.xcassets */,
				D0E923E42C0E8D270070977A /* LaunchScreen.storyboard */,
				D0E923D92C0E8D250070977A /* AppDelegate.swift */,
				D0E923DB2C0E8D250070977A /* SceneDelegate.swift */,
				FFD9EFBD2C4F156F0054DCD6 /* GoogleService-Info.plist */,
			);
			path = Supporting;
			sourceTree = "<group>";
		};
		FF28AF572C21258D00F58D0F /* AddMediaView */ = {
			isa = PBXGroup;
			children = (
				FF28AF5A2C2129DB00F58D0F /* MediaScrollView.swift */,
				FF28AF5C2C212BBC00F58D0F /* MediaView.swift */,
			);
			path = AddMediaView;
			sourceTree = "<group>";
		};
		FF6045732C417E7C0063176A /* Shared Controllers & Views */ = {
			isa = PBXGroup;
			children = (
				FFD8A9A32C15B9B8009F5C8C /* Job Info Views */,
				D0E923F22C0E98C90070977A /* TabController.swift */,
			);
			path = "Shared Controllers & Views";
			sourceTree = "<group>";
		};
		FF879A452C1B2C1000922513 /* Setting Views */ = {
			isa = PBXGroup;
			children = (
				FF879A4E2C1BA62700922513 /* FirstLastNameForm.swift */,
				FF879A462C1B2C2E00922513 /* SettingsTableCell.swift */,
			);
			path = "Setting Views";
			sourceTree = "<group>";
		};
		FF879A4A2C1B2F3D00922513 /* Settings View Controllers */ = {
			isa = PBXGroup;
			children = (
				FFF3F21C2C3F048100E20496 /* PaymentSettingsController.swift */,
				FF879A4B2C1BA2EE00922513 /* PersonalInfoController.swift */,
				FF879A502C1BB50500922513 /* NotificationSettingsController.swift */,
				FF879A542C1BB5E900922513 /* SupportController.swift */,
			);
			path = "Settings View Controllers";
			sourceTree = "<group>";
		};
		FF919BCE2C27601100A1FE27 /* Data */ = {
			isa = PBXGroup;
			children = (
				FFD8A99A2C157908009F5C8C /* TaskListing.swift */,
			);
			path = Data;
			sourceTree = "<group>";
		};
		FFD8A99E2C157A4B009F5C8C /* Current Task Views */ = {
			isa = PBXGroup;
			children = (
				FFD8A99F2C157A6E009F5C8C /* CurrentTasksCell.swift */,
			);
			path = "Current Task Views";
			sourceTree = "<group>";
		};
		FFD8A9A32C15B9B8009F5C8C /* Job Info Views */ = {
			isa = PBXGroup;
			children = (
				FFD8A9A42C15B9EB009F5C8C /* JobQuickInfoView.swift */,
				FF45E4B22C161047000F1BE7 /* JobDescriptionView.swift */,
				FF45E4B42C1613BA000F1BE7 /* JobPhotosVideosView.swift */,
				FF45E4B62C161674000F1BE7 /* JobHelperInfoView.swift */,
				FF3E57BC2C2294EE0040F617 /* PlayableMediaView.swift */,
				FF6045742C417F060063176A /* TaskRequiredEquipmentView.swift */,
			);
			path = "Job Info Views";
			sourceTree = "<group>";
		};
		FFF372C92C16C3D000F8D362 /* Authentication Controllers */ = {
			isa = PBXGroup;
			children = (
				FFF372D02C16C59B00F8D362 /* LoginController.swift */,
				FFF372D82C16C78900F8D362 /* RegisterController.swift */,
				FFF372E82C16C8B800F8D362 /* ForgotPasswordController.swift */,
				FFF372EA2C16C94500F8D362 /* WebViewerController.swift */,
			);
			path = "Authentication Controllers";
			sourceTree = "<group>";
		};
		FFF372CB2C16C3F500F8D362 /* Authentication Views */ = {
			isa = PBXGroup;
			children = (
				FFF372D22C16C5CE00F8D362 /* AuthHeaderView.swift */,
				FFF372D42C16C60000F8D362 /* CustomAuthTextField.swift */,
				FFF372D62C16C64200F8D362 /* CustomAuthButton.swift */,
			);
			path = "Authentication Views";
			sourceTree = "<group>";
		};
		FFF372CC2C16C43300F8D362 /* Constants+Extensions */ = {
			isa = PBXGroup;
			children = (
				FFF372E32C16C82300F8D362 /* Auth Objects */,
				FFF372E42C16C84800F8D362 /* AlertManager.swift */,
				D09C5ED12C0F3F8E002C6F89 /* Constants.swift */,
				D0D3A9992C11A868000DFFB8 /* Extensions.swift */,
				FFD8A99C2C157924009F5C8C /* CustomFunctions.swift */,
			);
			path = "Constants+Extensions";
			sourceTree = "<group>";
		};
		FFF372CD2C16C44100F8D362 /* Models */ = {
			isa = PBXGroup;
			children = (
				FFF372DA2C16C7BE00F8D362 /* Auth Models */,
				FFF372CE2C16C45A00F8D362 /* Task.swift */,
				FF879A482C1B2CBF00922513 /* SettingsOption.swift */,
				FF6882082C1C790600288618 /* Helper.swift */,
			);
			path = Models;
			sourceTree = "<group>";
		};
		FFF372DA2C16C7BE00F8D362 /* Auth Models */ = {
			isa = PBXGroup;
			children = (
				FFF372DB2C16C7D100F8D362 /* RegisterUserRequest.swift */,
				FFF372DD2C16C7E000F8D362 /* LoginUserRequest.swift */,
				FFF372DF2C16C7EC00F8D362 /* User.swift */,
			);
			path = "Auth Models";
			sourceTree = "<group>";
		};
		FFF372E32C16C82300F8D362 /* Auth Objects */ = {
			isa = PBXGroup;
			children = (
				FFF372E12C16C80500F8D362 /* Validator.swift */,
				FFF372E62C16C87400F8D362 /* AuthService.swift */,
			);
			path = "Auth Objects";
			sourceTree = "<group>";
		};
		FFF3F2172C3F01B300E20496 /* Customer Side of the App */ = {
			isa = PBXGroup;
			children = (
				D0D3A99B2C11B91B000DFFB8 /* Controllers */,
				D0D3A99C2C11B94A000DFFB8 /* Views */,
			);
			path = "Customer Side of the App";
			sourceTree = "<group>";
		};
		FFF3F2182C3F01C600E20496 /* Helper Side of the App */ = {
			isa = PBXGroup;
			children = (
				FFF3F2212C3F082100E20496 /* Views */,
				FFF3F21E2C3F06C700E20496 /* Controllers */,
			);
			path = "Helper Side of the App";
			sourceTree = "<group>";
		};
		FFF3F21B2C3F036000E20496 /* Authentication */ = {
			isa = PBXGroup;
			children = (
				FF0B76EB2C29CEE70019FD8B /* LogoLoadingController.swift */,
				FFF372C92C16C3D000F8D362 /* Authentication Controllers */,
				FFF372CB2C16C3F500F8D362 /* Authentication Views */,
			);
			path = Authentication;
			sourceTree = "<group>";
		};
		FFF3F21E2C3F06C700E20496 /* Controllers */ = {
			isa = PBXGroup;
			children = (
				FF6045712C4178CB0063176A /* HelperMyTasksController.swift */,
				FFF3F2192C3F01FD00E20496 /* HelperDashboardController.swift */,
				FFF3F21F2C3F06EB00E20496 /* AllHelperJobsController.swift */,
				FF929A9F2C40CB37007B0307 /* AvailableTaskInfoController.swift */,
				FF6045762C4184F20063176A /* AcceptedTasksInfoController.swift */,
			);
			path = Controllers;
			sourceTree = "<group>";
		};
		FFF3F2212C3F082100E20496 /* Views */ = {
			isa = PBXGroup;
			children = (
				FFF3F2222C3F086200E20496 /* HelperCurrentTasksCell.swift */,
			);
			path = Views;
			sourceTree = "<group>";
		};
/* End PBXGroup section */

/* Begin PBXNativeTarget section */
		D0E923D52C0E8D250070977A /* Kogyo */ = {
			isa = PBXNativeTarget;
			buildConfigurationList = D0E923EA2C0E8D270070977A /* Build configuration list for PBXNativeTarget "Kogyo" */;
			buildPhases = (
				D0E923D22C0E8D250070977A /* Sources */,
				D0E923D32C0E8D250070977A /* Frameworks */,
				D0E923D42C0E8D250070977A /* Resources */,
			);
			buildRules = (
			);
			dependencies = (
			);
			name = Kogyo;
			packageProductDependencies = (
				FFF372EF2C16CB9800F8D362 /* FirebaseAnalytics */,
				FFF372F12C16CB9800F8D362 /* FirebaseAuth */,
				FFF372F32C16CB9800F8D362 /* FirebaseFirestore */,
				FFF372F52C16CB9800F8D362 /* FirebaseStorage */,
			);
			productName = App1;
			productReference = D0E923D62C0E8D250070977A /* Kogyo.app */;
			productType = "com.apple.product-type.application";
		};
/* End PBXNativeTarget section */

/* Begin PBXProject section */
		D0E923CE2C0E8D250070977A /* Project object */ = {
			isa = PBXProject;
			attributes = {
				BuildIndependentTargetsInParallel = 1;
				LastSwiftUpdateCheck = 1540;
				LastUpgradeCheck = 1540;
				TargetAttributes = {
					D0E923D52C0E8D250070977A = {
						CreatedOnToolsVersion = 15.4;
					};
				};
			};
			buildConfigurationList = D0E923D12C0E8D250070977A /* Build configuration list for PBXProject "Kogyo" */;
			compatibilityVersion = "Xcode 14.0";
			developmentRegion = en;
			hasScannedForEncodings = 0;
			knownRegions = (
				en,
				Base,
			);
			mainGroup = D0E923CD2C0E8D250070977A;
			packageReferences = (
				FFF372EE2C16CB9800F8D362 /* XCRemoteSwiftPackageReference "firebase-ios-sdk" */,
			);
			productRefGroup = D0E923D72C0E8D250070977A /* Products */;
			projectDirPath = "";
			projectRoot = "";
			targets = (
				D0E923D52C0E8D250070977A /* Kogyo */,
			);
		};
/* End PBXProject section */

/* Begin PBXResourcesBuildPhase section */
		D0E923D42C0E8D250070977A /* Resources */ = {
			isa = PBXResourcesBuildPhase;
			buildActionMask = 2147483647;
			files = (
				D0E923E32C0E8D270070977A /* Assets.xcassets in Resources */,
				D0E923E62C0E8D270070977A /* Base in Resources */,
				FFD9EFBE2C4F156F0054DCD6 /* GoogleService-Info.plist in Resources */,
			);
			runOnlyForDeploymentPostprocessing = 0;
		};
/* End PBXResourcesBuildPhase section */

/* Begin PBXSourcesBuildPhase section */
		D0E923D22C0E8D250070977A /* Sources */ = {
			isa = PBXSourcesBuildPhase;
			buildActionMask = 2147483647;
			files = (
				FFF3F2202C3F06EB00E20496 /* AllHelperJobsController.swift in Sources */,
				FFF372D12C16C59B00F8D362 /* LoginController.swift in Sources */,
				FF6527832C1424460077E630 /* JobHoursView.swift in Sources */,
				D0C5CED42C12EEBA002582D4 /* JobKindFormView.swift in Sources */,
				FFD8A99D2C157924009F5C8C /* CustomFunctions.swift in Sources */,
				FF879A472C1B2C2E00922513 /* SettingsTableCell.swift in Sources */,
				FFF372E22C16C80500F8D362 /* Validator.swift in Sources */,
				FF6882072C1C787200288618 /* FirestoreHandler.swift in Sources */,
				FF6045722C4178CB0063176A /* HelperMyTasksController.swift in Sources */,
				FFD8A99B2C157908009F5C8C /* TaskListing.swift in Sources */,
				FF3E57BD2C2294EE0040F617 /* PlayableMediaView.swift in Sources */,
				FFF372D32C16C5CE00F8D362 /* AuthHeaderView.swift in Sources */,
				D0D3A9962C11537C000DFFB8 /* SearchBarView.swift in Sources */,
				FFC07FDC2C141B190040EF03 /* JobDateTimeView.swift in Sources */,
				FF929AA02C40CB37007B0307 /* AvailableTaskInfoController.swift in Sources */,
				D0D3A9982C117C29000DFFB8 /* SearchTableCell.swift in Sources */,
				FFF3F2232C3F086200E20496 /* HelperCurrentTasksCell.swift in Sources */,
				FF879A552C1BB5E900922513 /* SupportController.swift in Sources */,
				FFF372D52C16C60000F8D362 /* CustomAuthTextField.swift in Sources */,
				FFF372D92C16C78900F8D362 /* RegisterController.swift in Sources */,
				FF6527852C1429FD0077E630 /* AddEquipmentFormView.swift in Sources */,
				FF879A512C1BB50500922513 /* NotificationSettingsController.swift in Sources */,
				D09C5ED72C0F564D002C6F89 /* TaskCategoryBtnView.swift in Sources */,
				FFF372F82C16F2B800F8D362 /* CategoriesTableCell.swift in Sources */,
				D0E923F12C0E98670070977A /* SettingsController.swift in Sources */,
				FFF3F21D2C3F048100E20496 /* PaymentSettingsController.swift in Sources */,
				FFD8A9A02C157A6E009F5C8C /* CurrentTasksCell.swift in Sources */,
				FF28AF5D2C212BBC00F58D0F /* MediaView.swift in Sources */,
				D0E923F32C0E98C90070977A /* TabController.swift in Sources */,
				FF879A4F2C1BA62700922513 /* FirstLastNameForm.swift in Sources */,
				D0E923DE2C0E8D250070977A /* CustomerHomeController.swift in Sources */,
				FF6045752C417F060063176A /* TaskRequiredEquipmentView.swift in Sources */,
				FF86A0152C1E52BE00E5F675 /* MapController.swift in Sources */,
				FF45E4B52C1613BA000F1BE7 /* JobPhotosVideosView.swift in Sources */,
				FFF372E02C16C7EC00F8D362 /* User.swift in Sources */,
				FF919BCD2C275E2700A1FE27 /* DataManager.swift in Sources */,
				FFD8A9992C15588D009F5C8C /* LoadingScreenController.swift in Sources */,
				FFF372D72C16C64200F8D362 /* CustomAuthButton.swift in Sources */,
				D09C5ED22C0F3F8E002C6F89 /* Constants.swift in Sources */,
				FF6045772C4184F20063176A /* AcceptedTasksInfoController.swift in Sources */,
				D0D3A99A2C11A868000DFFB8 /* Extensions.swift in Sources */,
				FFD8A9A22C15B99F009F5C8C /* JobInfoController.swift in Sources */,
				D09C5ED52C0F49F0002C6F89 /* JobCategoryView.swift in Sources */,
				FFF372CF2C16C45A00F8D362 /* Task.swift in Sources */,
				FF6882092C1C790700288618 /* Helper.swift in Sources */,
				FF919BCB2C274E0F00A1FE27 /* MediaPlayerController.swift in Sources */,
				D0C5CED62C12F3AF002582D4 /* DescriptionFormView.swift in Sources */,
				D0E923EF2C0E98420070977A /* CustomerMyTasksController.swift in Sources */,
				FFD8A9A52C15B9EB009F5C8C /* JobQuickInfoView.swift in Sources */,
				D0E923DA2C0E8D250070977A /* AppDelegate.swift in Sources */,
				FFF372E92C16C8B800F8D362 /* ForgotPasswordController.swift in Sources */,
				FFF372E52C16C84800F8D362 /* AlertManager.swift in Sources */,
				FF45E4B72C161674000F1BE7 /* JobHelperInfoView.swift in Sources */,
				D0D3A99F2C11B975000DFFB8 /* CreateJobController.swift in Sources */,
				FF45E4B32C161047000F1BE7 /* JobDescriptionView.swift in Sources */,
				FFF372E72C16C87400F8D362 /* AuthService.swift in Sources */,
				FFF3F21A2C3F01FD00E20496 /* HelperDashboardController.swift in Sources */,
				FFF372DC2C16C7D100F8D362 /* RegisterUserRequest.swift in Sources */,
				FFF372EB2C16C94500F8D362 /* WebViewerController.swift in Sources */,
				FFF372DE2C16C7E000F8D362 /* LoginUserRequest.swift in Sources */,
				D0E923DC2C0E8D250070977A /* SceneDelegate.swift in Sources */,
				FF0B76EC2C29CEE70019FD8B /* LogoLoadingController.swift in Sources */,
				FF879A492C1B2CBF00922513 /* SettingsOption.swift in Sources */,
				FF879A4C2C1BA2EE00922513 /* PersonalInfoController.swift in Sources */,
				FF28AF5B2C2129DB00F58D0F /* MediaScrollView.swift in Sources */,
				FF05FD602C1444E30083B839 /* JobPaymentView.swift in Sources */,
			);
			runOnlyForDeploymentPostprocessing = 0;
		};
/* End PBXSourcesBuildPhase section */

/* Begin PBXVariantGroup section */
		D0E923E42C0E8D270070977A /* LaunchScreen.storyboard */ = {
			isa = PBXVariantGroup;
			children = (
				D0E923E52C0E8D270070977A /* Base */,
			);
			name = LaunchScreen.storyboard;
			sourceTree = "<group>";
		};
/* End PBXVariantGroup section */

/* Begin XCBuildConfiguration section */
		D0E923E82C0E8D270070977A /* Debug */ = {
			isa = XCBuildConfiguration;
			buildSettings = {
				ALWAYS_SEARCH_USER_PATHS = NO;
				ASSETCATALOG_COMPILER_GENERATE_SWIFT_ASSET_SYMBOL_EXTENSIONS = YES;
				CLANG_ANALYZER_NONNULL = YES;
				CLANG_ANALYZER_NUMBER_OBJECT_CONVERSION = YES_AGGRESSIVE;
				CLANG_CXX_LANGUAGE_STANDARD = "gnu++20";
				CLANG_ENABLE_MODULES = YES;
				CLANG_ENABLE_OBJC_ARC = YES;
				CLANG_ENABLE_OBJC_WEAK = YES;
				CLANG_WARN_BLOCK_CAPTURE_AUTORELEASING = YES;
				CLANG_WARN_BOOL_CONVERSION = YES;
				CLANG_WARN_COMMA = YES;
				CLANG_WARN_CONSTANT_CONVERSION = YES;
				CLANG_WARN_DEPRECATED_OBJC_IMPLEMENTATIONS = YES;
				CLANG_WARN_DIRECT_OBJC_ISA_USAGE = YES_ERROR;
				CLANG_WARN_DOCUMENTATION_COMMENTS = YES;
				CLANG_WARN_EMPTY_BODY = YES;
				CLANG_WARN_ENUM_CONVERSION = YES;
				CLANG_WARN_INFINITE_RECURSION = YES;
				CLANG_WARN_INT_CONVERSION = YES;
				CLANG_WARN_NON_LITERAL_NULL_CONVERSION = YES;
				CLANG_WARN_OBJC_IMPLICIT_RETAIN_SELF = YES;
				CLANG_WARN_OBJC_LITERAL_CONVERSION = YES;
				CLANG_WARN_OBJC_ROOT_CLASS = YES_ERROR;
				CLANG_WARN_QUOTED_INCLUDE_IN_FRAMEWORK_HEADER = YES;
				CLANG_WARN_RANGE_LOOP_ANALYSIS = YES;
				CLANG_WARN_STRICT_PROTOTYPES = YES;
				CLANG_WARN_SUSPICIOUS_MOVE = YES;
				CLANG_WARN_UNGUARDED_AVAILABILITY = YES_AGGRESSIVE;
				CLANG_WARN_UNREACHABLE_CODE = YES;
				CLANG_WARN__DUPLICATE_METHOD_MATCH = YES;
				COPY_PHASE_STRIP = NO;
				DEBUG_INFORMATION_FORMAT = dwarf;
				ENABLE_STRICT_OBJC_MSGSEND = YES;
				ENABLE_TESTABILITY = YES;
				ENABLE_USER_SCRIPT_SANDBOXING = YES;
				GCC_C_LANGUAGE_STANDARD = gnu17;
				GCC_DYNAMIC_NO_PIC = NO;
				GCC_NO_COMMON_BLOCKS = YES;
				GCC_OPTIMIZATION_LEVEL = 0;
				GCC_PREPROCESSOR_DEFINITIONS = (
					"DEBUG=1",
					"$(inherited)",
				);
				GCC_WARN_64_TO_32_BIT_CONVERSION = YES;
				GCC_WARN_ABOUT_RETURN_TYPE = YES_ERROR;
				GCC_WARN_UNDECLARED_SELECTOR = YES;
				GCC_WARN_UNINITIALIZED_AUTOS = YES_AGGRESSIVE;
				GCC_WARN_UNUSED_FUNCTION = YES;
				GCC_WARN_UNUSED_VARIABLE = YES;
				IPHONEOS_DEPLOYMENT_TARGET = 16.0;
				LOCALIZATION_PREFERS_STRING_CATALOGS = YES;
				MTL_ENABLE_DEBUG_INFO = INCLUDE_SOURCE;
				MTL_FAST_MATH = YES;
				ONLY_ACTIVE_ARCH = YES;
				SDKROOT = iphoneos;
				SWIFT_ACTIVE_COMPILATION_CONDITIONS = "DEBUG $(inherited)";
				SWIFT_OPTIMIZATION_LEVEL = "-Onone";
			};
			name = Debug;
		};
		D0E923E92C0E8D270070977A /* Release */ = {
			isa = XCBuildConfiguration;
			buildSettings = {
				ALWAYS_SEARCH_USER_PATHS = NO;
				ASSETCATALOG_COMPILER_GENERATE_SWIFT_ASSET_SYMBOL_EXTENSIONS = YES;
				CLANG_ANALYZER_NONNULL = YES;
				CLANG_ANALYZER_NUMBER_OBJECT_CONVERSION = YES_AGGRESSIVE;
				CLANG_CXX_LANGUAGE_STANDARD = "gnu++20";
				CLANG_ENABLE_MODULES = YES;
				CLANG_ENABLE_OBJC_ARC = YES;
				CLANG_ENABLE_OBJC_WEAK = YES;
				CLANG_WARN_BLOCK_CAPTURE_AUTORELEASING = YES;
				CLANG_WARN_BOOL_CONVERSION = YES;
				CLANG_WARN_COMMA = YES;
				CLANG_WARN_CONSTANT_CONVERSION = YES;
				CLANG_WARN_DEPRECATED_OBJC_IMPLEMENTATIONS = YES;
				CLANG_WARN_DIRECT_OBJC_ISA_USAGE = YES_ERROR;
				CLANG_WARN_DOCUMENTATION_COMMENTS = YES;
				CLANG_WARN_EMPTY_BODY = YES;
				CLANG_WARN_ENUM_CONVERSION = YES;
				CLANG_WARN_INFINITE_RECURSION = YES;
				CLANG_WARN_INT_CONVERSION = YES;
				CLANG_WARN_NON_LITERAL_NULL_CONVERSION = YES;
				CLANG_WARN_OBJC_IMPLICIT_RETAIN_SELF = YES;
				CLANG_WARN_OBJC_LITERAL_CONVERSION = YES;
				CLANG_WARN_OBJC_ROOT_CLASS = YES_ERROR;
				CLANG_WARN_QUOTED_INCLUDE_IN_FRAMEWORK_HEADER = YES;
				CLANG_WARN_RANGE_LOOP_ANALYSIS = YES;
				CLANG_WARN_STRICT_PROTOTYPES = YES;
				CLANG_WARN_SUSPICIOUS_MOVE = YES;
				CLANG_WARN_UNGUARDED_AVAILABILITY = YES_AGGRESSIVE;
				CLANG_WARN_UNREACHABLE_CODE = YES;
				CLANG_WARN__DUPLICATE_METHOD_MATCH = YES;
				COPY_PHASE_STRIP = NO;
				DEBUG_INFORMATION_FORMAT = "dwarf-with-dsym";
				ENABLE_NS_ASSERTIONS = NO;
				ENABLE_STRICT_OBJC_MSGSEND = YES;
				ENABLE_USER_SCRIPT_SANDBOXING = YES;
				GCC_C_LANGUAGE_STANDARD = gnu17;
				GCC_NO_COMMON_BLOCKS = YES;
				GCC_WARN_64_TO_32_BIT_CONVERSION = YES;
				GCC_WARN_ABOUT_RETURN_TYPE = YES_ERROR;
				GCC_WARN_UNDECLARED_SELECTOR = YES;
				GCC_WARN_UNINITIALIZED_AUTOS = YES_AGGRESSIVE;
				GCC_WARN_UNUSED_FUNCTION = YES;
				GCC_WARN_UNUSED_VARIABLE = YES;
				IPHONEOS_DEPLOYMENT_TARGET = 16.0;
				LOCALIZATION_PREFERS_STRING_CATALOGS = YES;
				MTL_ENABLE_DEBUG_INFO = NO;
				MTL_FAST_MATH = YES;
				SDKROOT = iphoneos;
				SWIFT_COMPILATION_MODE = wholemodule;
				VALIDATE_PRODUCT = YES;
			};
			name = Release;
		};
		D0E923EB2C0E8D270070977A /* Debug */ = {
			isa = XCBuildConfiguration;
			buildSettings = {
				ASSETCATALOG_COMPILER_APPICON_NAME = AppIcon;
				ASSETCATALOG_COMPILER_GLOBAL_ACCENT_COLOR_NAME = AccentColor;
				CODE_SIGN_STYLE = Automatic;
				CURRENT_PROJECT_VERSION = 1;
				DEVELOPMENT_TEAM = C7N9TB3C7K;
				GENERATE_INFOPLIST_FILE = YES;
				INFOPLIST_FILE = Kogyo/Info.plist;
				INFOPLIST_KEY_LSApplicationCategoryType = "";
				INFOPLIST_KEY_UIApplicationSupportsIndirectInputEvents = YES;
				INFOPLIST_KEY_UILaunchStoryboardName = LaunchScreen;
				INFOPLIST_KEY_UISupportedInterfaceOrientations_iPad = "UIInterfaceOrientationPortrait UIInterfaceOrientationPortraitUpsideDown UIInterfaceOrientationLandscapeLeft UIInterfaceOrientationLandscapeRight";
				INFOPLIST_KEY_UISupportedInterfaceOrientations_iPhone = "UIInterfaceOrientationPortrait UIInterfaceOrientationLandscapeLeft UIInterfaceOrientationLandscapeRight";
				IPHONEOS_DEPLOYMENT_TARGET = 16.0;
				LD_RUNPATH_SEARCH_PATHS = (
					"$(inherited)",
					"@executable_path/Frameworks",
				);
				MARKETING_VERSION = 1.0;
				PRODUCT_BUNDLE_IDENTIFIER = com.gabrielcastilloh.Kogyo;
				PRODUCT_NAME = "$(TARGET_NAME)";
				SUPPORTED_PLATFORMS = "iphoneos iphonesimulator";
				SUPPORTS_MACCATALYST = NO;
				SUPPORTS_MAC_DESIGNED_FOR_IPHONE_IPAD = NO;
				SUPPORTS_XR_DESIGNED_FOR_IPHONE_IPAD = NO;
				SWIFT_EMIT_LOC_STRINGS = YES;
				SWIFT_VERSION = 5.0;
				TARGETED_DEVICE_FAMILY = "1,2";
			};
			name = Debug;
		};
		D0E923EC2C0E8D270070977A /* Release */ = {
			isa = XCBuildConfiguration;
			buildSettings = {
				ASSETCATALOG_COMPILER_APPICON_NAME = AppIcon;
				ASSETCATALOG_COMPILER_GLOBAL_ACCENT_COLOR_NAME = AccentColor;
				CODE_SIGN_STYLE = Automatic;
				CURRENT_PROJECT_VERSION = 1;
				DEVELOPMENT_TEAM = C7N9TB3C7K;
				GENERATE_INFOPLIST_FILE = YES;
				INFOPLIST_FILE = Kogyo/Info.plist;
				INFOPLIST_KEY_LSApplicationCategoryType = "";
				INFOPLIST_KEY_UIApplicationSupportsIndirectInputEvents = YES;
				INFOPLIST_KEY_UILaunchStoryboardName = LaunchScreen;
				INFOPLIST_KEY_UISupportedInterfaceOrientations_iPad = "UIInterfaceOrientationPortrait UIInterfaceOrientationPortraitUpsideDown UIInterfaceOrientationLandscapeLeft UIInterfaceOrientationLandscapeRight";
				INFOPLIST_KEY_UISupportedInterfaceOrientations_iPhone = "UIInterfaceOrientationPortrait UIInterfaceOrientationLandscapeLeft UIInterfaceOrientationLandscapeRight";
				IPHONEOS_DEPLOYMENT_TARGET = 16.0;
				LD_RUNPATH_SEARCH_PATHS = (
					"$(inherited)",
					"@executable_path/Frameworks",
				);
				MARKETING_VERSION = 1.0;
				PRODUCT_BUNDLE_IDENTIFIER = com.gabrielcastilloh.Kogyo;
				PRODUCT_NAME = "$(TARGET_NAME)";
				SUPPORTED_PLATFORMS = "iphoneos iphonesimulator";
				SUPPORTS_MACCATALYST = NO;
				SUPPORTS_MAC_DESIGNED_FOR_IPHONE_IPAD = NO;
				SUPPORTS_XR_DESIGNED_FOR_IPHONE_IPAD = NO;
				SWIFT_EMIT_LOC_STRINGS = YES;
				SWIFT_VERSION = 5.0;
				TARGETED_DEVICE_FAMILY = "1,2";
			};
			name = Release;
		};
/* End XCBuildConfiguration section */

/* Begin XCConfigurationList section */
		D0E923D12C0E8D250070977A /* Build configuration list for PBXProject "Kogyo" */ = {
			isa = XCConfigurationList;
			buildConfigurations = (
				D0E923E82C0E8D270070977A /* Debug */,
				D0E923E92C0E8D270070977A /* Release */,
			);
			defaultConfigurationIsVisible = 0;
			defaultConfigurationName = Release;
		};
		D0E923EA2C0E8D270070977A /* Build configuration list for PBXNativeTarget "Kogyo" */ = {
			isa = XCConfigurationList;
			buildConfigurations = (
				D0E923EB2C0E8D270070977A /* Debug */,
				D0E923EC2C0E8D270070977A /* Release */,
			);
			defaultConfigurationIsVisible = 0;
			defaultConfigurationName = Release;
		};
/* End XCConfigurationList section */

/* Begin XCRemoteSwiftPackageReference section */
		FFF372EE2C16CB9800F8D362 /* XCRemoteSwiftPackageReference "firebase-ios-sdk" */ = {
			isa = XCRemoteSwiftPackageReference;
			repositoryURL = "https://github.com/firebase/firebase-ios-sdk";
			requirement = {
				kind = upToNextMajorVersion;
				minimumVersion = 10.27.0;
			};
		};
/* End XCRemoteSwiftPackageReference section */

/* Begin XCSwiftPackageProductDependency section */
		FFF372EF2C16CB9800F8D362 /* FirebaseAnalytics */ = {
			isa = XCSwiftPackageProductDependency;
			package = FFF372EE2C16CB9800F8D362 /* XCRemoteSwiftPackageReference "firebase-ios-sdk" */;
			productName = FirebaseAnalytics;
		};
		FFF372F12C16CB9800F8D362 /* FirebaseAuth */ = {
			isa = XCSwiftPackageProductDependency;
			package = FFF372EE2C16CB9800F8D362 /* XCRemoteSwiftPackageReference "firebase-ios-sdk" */;
			productName = FirebaseAuth;
		};
		FFF372F32C16CB9800F8D362 /* FirebaseFirestore */ = {
			isa = XCSwiftPackageProductDependency;
			package = FFF372EE2C16CB9800F8D362 /* XCRemoteSwiftPackageReference "firebase-ios-sdk" */;
			productName = FirebaseFirestore;
		};
		FFF372F52C16CB9800F8D362 /* FirebaseStorage */ = {
			isa = XCSwiftPackageProductDependency;
			package = FFF372EE2C16CB9800F8D362 /* XCRemoteSwiftPackageReference "firebase-ios-sdk" */;
			productName = FirebaseStorage;
		};
/* End XCSwiftPackageProductDependency section */
	};
	rootObject = D0E923CE2C0E8D250070977A /* Project object */;
}
