// !$*UTF8*$!
{
	archiveVersion = 1;
	classes = {
	};
	objectVersion = 56;
	objects = {

/* Begin PBXBuildFile section */
		D09C5ED22C0F3F8E002C6F89 /* Constants.swift in Sources */ = {isa = PBXBuildFile; fileRef = D09C5ED12C0F3F8E002C6F89 /* Constants.swift */; };
		D09C5ED52C0F49F0002C6F89 /* JobCategoryView.swift in Sources */ = {isa = PBXBuildFile; fileRef = D09C5ED42C0F49F0002C6F89 /* JobCategoryView.swift */; };
		D09C5ED72C0F564D002C6F89 /* JobButtonView.swift in Sources */ = {isa = PBXBuildFile; fileRef = D09C5ED62C0F564D002C6F89 /* JobButtonView.swift */; };
		D0C5CED42C12EEBA002582D4 /* JobKindFormView.swift in Sources */ = {isa = PBXBuildFile; fileRef = D0C5CED32C12EEBA002582D4 /* JobKindFormView.swift */; };
		D0C5CED62C12F3AF002582D4 /* DescriptionFormView.swift in Sources */ = {isa = PBXBuildFile; fileRef = D0C5CED52C12F3AF002582D4 /* DescriptionFormView.swift */; };
		D0C5CED82C130C8C002582D4 /* MediaFormView.swift in Sources */ = {isa = PBXBuildFile; fileRef = D0C5CED72C130C8C002582D4 /* MediaFormView.swift */; };
		D0D3A9962C11537C000DFFB8 /* SearchBarView.swift in Sources */ = {isa = PBXBuildFile; fileRef = D0D3A9952C11537C000DFFB8 /* SearchBarView.swift */; };
		D0D3A9982C117C29000DFFB8 /* SearchTableCell.swift in Sources */ = {isa = PBXBuildFile; fileRef = D0D3A9972C117C29000DFFB8 /* SearchTableCell.swift */; };
		D0D3A99A2C11A868000DFFB8 /* Extensions.swift in Sources */ = {isa = PBXBuildFile; fileRef = D0D3A9992C11A868000DFFB8 /* Extensions.swift */; };
		D0D3A99F2C11B975000DFFB8 /* CreateJobController.swift in Sources */ = {isa = PBXBuildFile; fileRef = D0D3A99E2C11B975000DFFB8 /* CreateJobController.swift */; };
		D0E923DA2C0E8D250070977A /* AppDelegate.swift in Sources */ = {isa = PBXBuildFile; fileRef = D0E923D92C0E8D250070977A /* AppDelegate.swift */; };
		D0E923DC2C0E8D250070977A /* SceneDelegate.swift in Sources */ = {isa = PBXBuildFile; fileRef = D0E923DB2C0E8D250070977A /* SceneDelegate.swift */; };
		D0E923DE2C0E8D250070977A /* HomeController.swift in Sources */ = {isa = PBXBuildFile; fileRef = D0E923DD2C0E8D250070977A /* HomeController.swift */; };
		D0E923E32C0E8D270070977A /* Assets.xcassets in Resources */ = {isa = PBXBuildFile; fileRef = D0E923E22C0E8D270070977A /* Assets.xcassets */; };
		D0E923E62C0E8D270070977A /* Base in Resources */ = {isa = PBXBuildFile; fileRef = D0E923E52C0E8D270070977A /* Base */; };
		D0E923EF2C0E98420070977A /* CurrentJobsController.swift in Sources */ = {isa = PBXBuildFile; fileRef = D0E923EE2C0E98420070977A /* CurrentJobsController.swift */; };
		D0E923F12C0E98670070977A /* ProfileController.swift in Sources */ = {isa = PBXBuildFile; fileRef = D0E923F02C0E98670070977A /* ProfileController.swift */; };
		D0E923F32C0E98C90070977A /* TabController.swift in Sources */ = {isa = PBXBuildFile; fileRef = D0E923F22C0E98C90070977A /* TabController.swift */; };
		FF05FD602C1444E30083B839 /* JobPaymentView.swift in Sources */ = {isa = PBXBuildFile; fileRef = FF05FD5F2C1444E30083B839 /* JobPaymentView.swift */; };
		FF45E4B32C161047000F1BE7 /* JobDescriptionView.swift in Sources */ = {isa = PBXBuildFile; fileRef = FF45E4B22C161047000F1BE7 /* JobDescriptionView.swift */; };
		FF45E4B52C1613BA000F1BE7 /* JobPhotosVideosView.swift in Sources */ = {isa = PBXBuildFile; fileRef = FF45E4B42C1613BA000F1BE7 /* JobPhotosVideosView.swift */; };
		FF45E4B72C161674000F1BE7 /* JobHelperInfoView.swift in Sources */ = {isa = PBXBuildFile; fileRef = FF45E4B62C161674000F1BE7 /* JobHelperInfoView.swift */; };
		FF6527832C1424460077E630 /* JobHoursView.swift in Sources */ = {isa = PBXBuildFile; fileRef = FF6527822C1424460077E630 /* JobHoursView.swift */; };
		FF6527852C1429FD0077E630 /* AddEquipmentFormView.swift in Sources */ = {isa = PBXBuildFile; fileRef = FF6527842C1429FD0077E630 /* AddEquipmentFormView.swift */; };
		FFC07FDC2C141B190040EF03 /* JobDateTimeView.swift in Sources */ = {isa = PBXBuildFile; fileRef = FFC07FDB2C141B190040EF03 /* JobDateTimeView.swift */; };
		FFD8A9992C15588D009F5C8C /* LoadingScreenController.swift in Sources */ = {isa = PBXBuildFile; fileRef = FFD8A9982C15588D009F5C8C /* LoadingScreenController.swift */; };
		FFD8A99B2C157908009F5C8C /* JobListing.swift in Sources */ = {isa = PBXBuildFile; fileRef = FFD8A99A2C157908009F5C8C /* JobListing.swift */; };
		FFD8A99D2C157924009F5C8C /* CustomFunctions.swift in Sources */ = {isa = PBXBuildFile; fileRef = FFD8A99C2C157924009F5C8C /* CustomFunctions.swift */; };
		FFD8A9A02C157A6E009F5C8C /* CurrentJobsCell.swift in Sources */ = {isa = PBXBuildFile; fileRef = FFD8A99F2C157A6E009F5C8C /* CurrentJobsCell.swift */; };
		FFD8A9A22C15B99F009F5C8C /* JobInfoController.swift in Sources */ = {isa = PBXBuildFile; fileRef = FFD8A9A12C15B99F009F5C8C /* JobInfoController.swift */; };
		FFD8A9A52C15B9EB009F5C8C /* JobQuickInfoView.swift in Sources */ = {isa = PBXBuildFile; fileRef = FFD8A9A42C15B9EB009F5C8C /* JobQuickInfoView.swift */; };
/* End PBXBuildFile section */

/* Begin PBXFileReference section */
		D09C5ED12C0F3F8E002C6F89 /* Constants.swift */ = {isa = PBXFileReference; lastKnownFileType = sourcecode.swift; path = Constants.swift; sourceTree = "<group>"; };
		D09C5ED42C0F49F0002C6F89 /* JobCategoryView.swift */ = {isa = PBXFileReference; lastKnownFileType = sourcecode.swift; path = JobCategoryView.swift; sourceTree = "<group>"; };
		D09C5ED62C0F564D002C6F89 /* JobButtonView.swift */ = {isa = PBXFileReference; lastKnownFileType = sourcecode.swift; path = JobButtonView.swift; sourceTree = "<group>"; };
		D0C5CED32C12EEBA002582D4 /* JobKindFormView.swift */ = {isa = PBXFileReference; lastKnownFileType = sourcecode.swift; path = JobKindFormView.swift; sourceTree = "<group>"; };
		D0C5CED52C12F3AF002582D4 /* DescriptionFormView.swift */ = {isa = PBXFileReference; lastKnownFileType = sourcecode.swift; path = DescriptionFormView.swift; sourceTree = "<group>"; };
		D0C5CED72C130C8C002582D4 /* MediaFormView.swift */ = {isa = PBXFileReference; lastKnownFileType = sourcecode.swift; path = MediaFormView.swift; sourceTree = "<group>"; };
		D0D3A9952C11537C000DFFB8 /* SearchBarView.swift */ = {isa = PBXFileReference; lastKnownFileType = sourcecode.swift; path = SearchBarView.swift; sourceTree = "<group>"; };
		D0D3A9972C117C29000DFFB8 /* SearchTableCell.swift */ = {isa = PBXFileReference; lastKnownFileType = sourcecode.swift; path = SearchTableCell.swift; sourceTree = "<group>"; };
		D0D3A9992C11A868000DFFB8 /* Extensions.swift */ = {isa = PBXFileReference; lastKnownFileType = sourcecode.swift; path = Extensions.swift; sourceTree = "<group>"; };
		D0D3A99E2C11B975000DFFB8 /* CreateJobController.swift */ = {isa = PBXFileReference; lastKnownFileType = sourcecode.swift; path = CreateJobController.swift; sourceTree = "<group>"; };
		D0E923D62C0E8D250070977A /* App1.app */ = {isa = PBXFileReference; explicitFileType = wrapper.application; includeInIndex = 0; path = App1.app; sourceTree = BUILT_PRODUCTS_DIR; };
		D0E923D92C0E8D250070977A /* AppDelegate.swift */ = {isa = PBXFileReference; lastKnownFileType = sourcecode.swift; path = AppDelegate.swift; sourceTree = "<group>"; };
		D0E923DB2C0E8D250070977A /* SceneDelegate.swift */ = {isa = PBXFileReference; lastKnownFileType = sourcecode.swift; path = SceneDelegate.swift; sourceTree = "<group>"; };
		D0E923DD2C0E8D250070977A /* HomeController.swift */ = {isa = PBXFileReference; lastKnownFileType = sourcecode.swift; path = HomeController.swift; sourceTree = "<group>"; };
		D0E923E22C0E8D270070977A /* Assets.xcassets */ = {isa = PBXFileReference; lastKnownFileType = folder.assetcatalog; path = Assets.xcassets; sourceTree = "<group>"; };
		D0E923E52C0E8D270070977A /* Base */ = {isa = PBXFileReference; lastKnownFileType = file.storyboard; name = Base; path = Base.lproj/LaunchScreen.storyboard; sourceTree = "<group>"; };
		D0E923E72C0E8D270070977A /* Info.plist */ = {isa = PBXFileReference; lastKnownFileType = text.plist.xml; path = Info.plist; sourceTree = "<group>"; };
		D0E923EE2C0E98420070977A /* CurrentJobsController.swift */ = {isa = PBXFileReference; lastKnownFileType = sourcecode.swift; path = CurrentJobsController.swift; sourceTree = "<group>"; };
		D0E923F02C0E98670070977A /* ProfileController.swift */ = {isa = PBXFileReference; lastKnownFileType = sourcecode.swift; path = ProfileController.swift; sourceTree = "<group>"; };
		D0E923F22C0E98C90070977A /* TabController.swift */ = {isa = PBXFileReference; lastKnownFileType = sourcecode.swift; path = TabController.swift; sourceTree = "<group>"; };
		FF05FD5F2C1444E30083B839 /* JobPaymentView.swift */ = {isa = PBXFileReference; lastKnownFileType = sourcecode.swift; path = JobPaymentView.swift; sourceTree = "<group>"; };
		FF45E4B22C161047000F1BE7 /* JobDescriptionView.swift */ = {isa = PBXFileReference; lastKnownFileType = sourcecode.swift; path = JobDescriptionView.swift; sourceTree = "<group>"; };
		FF45E4B42C1613BA000F1BE7 /* JobPhotosVideosView.swift */ = {isa = PBXFileReference; lastKnownFileType = sourcecode.swift; path = JobPhotosVideosView.swift; sourceTree = "<group>"; };
		FF45E4B62C161674000F1BE7 /* JobHelperInfoView.swift */ = {isa = PBXFileReference; lastKnownFileType = sourcecode.swift; path = JobHelperInfoView.swift; sourceTree = "<group>"; };
		FF6527822C1424460077E630 /* JobHoursView.swift */ = {isa = PBXFileReference; lastKnownFileType = sourcecode.swift; path = JobHoursView.swift; sourceTree = "<group>"; };
		FF6527842C1429FD0077E630 /* AddEquipmentFormView.swift */ = {isa = PBXFileReference; lastKnownFileType = sourcecode.swift; path = AddEquipmentFormView.swift; sourceTree = "<group>"; };
		FFC07FDB2C141B190040EF03 /* JobDateTimeView.swift */ = {isa = PBXFileReference; lastKnownFileType = sourcecode.swift; path = JobDateTimeView.swift; sourceTree = "<group>"; };
		FFD8A9982C15588D009F5C8C /* LoadingScreenController.swift */ = {isa = PBXFileReference; lastKnownFileType = sourcecode.swift; path = LoadingScreenController.swift; sourceTree = "<group>"; };
		FFD8A99A2C157908009F5C8C /* JobListing.swift */ = {isa = PBXFileReference; lastKnownFileType = sourcecode.swift; path = JobListing.swift; sourceTree = "<group>"; };
		FFD8A99C2C157924009F5C8C /* CustomFunctions.swift */ = {isa = PBXFileReference; lastKnownFileType = sourcecode.swift; path = CustomFunctions.swift; sourceTree = "<group>"; };
		FFD8A99F2C157A6E009F5C8C /* CurrentJobsCell.swift */ = {isa = PBXFileReference; lastKnownFileType = sourcecode.swift; path = CurrentJobsCell.swift; sourceTree = "<group>"; };
		FFD8A9A12C15B99F009F5C8C /* JobInfoController.swift */ = {isa = PBXFileReference; lastKnownFileType = sourcecode.swift; path = JobInfoController.swift; sourceTree = "<group>"; };
		FFD8A9A42C15B9EB009F5C8C /* JobQuickInfoView.swift */ = {isa = PBXFileReference; lastKnownFileType = sourcecode.swift; path = JobQuickInfoView.swift; sourceTree = "<group>"; };
/* End PBXFileReference section */

/* Begin PBXFrameworksBuildPhase section */
		D0E923D32C0E8D250070977A /* Frameworks */ = {
			isa = PBXFrameworksBuildPhase;
			buildActionMask = 2147483647;
			files = (
			);
			runOnlyForDeploymentPostprocessing = 0;
		};
/* End PBXFrameworksBuildPhase section */

/* Begin PBXGroup section */
		D09C5ECE2C0F3F64002C6F89 /* Extensions and Vars */ = {
			isa = PBXGroup;
			children = (
				D09C5ED12C0F3F8E002C6F89 /* Constants.swift */,
				D0D3A9992C11A868000DFFB8 /* Extensions.swift */,
				FFD8A99A2C157908009F5C8C /* JobListing.swift */,
				FFD8A99C2C157924009F5C8C /* CustomFunctions.swift */,
			);
			path = "Extensions and Vars";
			sourceTree = "<group>";
		};
		D09C5ED32C0F49BE002C6F89 /* Home Screen Views */ = {
			isa = PBXGroup;
			children = (
				D09C5ED42C0F49F0002C6F89 /* JobCategoryView.swift */,
				D09C5ED62C0F564D002C6F89 /* JobButtonView.swift */,
				D0D3A9952C11537C000DFFB8 /* SearchBarView.swift */,
				D0D3A9972C117C29000DFFB8 /* SearchTableCell.swift */,
			);
			path = "Home Screen Views";
			sourceTree = "<group>";
		};
		D0D3A99B2C11B91B000DFFB8 /* Controllers */ = {
			isa = PBXGroup;
			children = (
				D0E923DD2C0E8D250070977A /* HomeController.swift */,
				D0D3A99E2C11B975000DFFB8 /* CreateJobController.swift */,
				D0E923F22C0E98C90070977A /* TabController.swift */,
				D0E923EE2C0E98420070977A /* CurrentJobsController.swift */,
				D0E923F02C0E98670070977A /* ProfileController.swift */,
				FFD8A9982C15588D009F5C8C /* LoadingScreenController.swift */,
				FFD8A9A12C15B99F009F5C8C /* JobInfoController.swift */,
			);
			path = Controllers;
			sourceTree = "<group>";
		};
		D0D3A99C2C11B94A000DFFB8 /* Views */ = {
			isa = PBXGroup;
			children = (
				FFD8A9A32C15B9B8009F5C8C /* Job Info Views */,
				FFD8A99E2C157A4B009F5C8C /* Current Job Views */,
				D0D3A99D2C11B951000DFFB8 /* Add Job Views */,
				D09C5ED32C0F49BE002C6F89 /* Home Screen Views */,
			);
			path = Views;
			sourceTree = "<group>";
		};
		D0D3A99D2C11B951000DFFB8 /* Add Job Views */ = {
			isa = PBXGroup;
			children = (
				D0C5CED32C12EEBA002582D4 /* JobKindFormView.swift */,
				D0C5CED52C12F3AF002582D4 /* DescriptionFormView.swift */,
				D0C5CED72C130C8C002582D4 /* MediaFormView.swift */,
				FFC07FDB2C141B190040EF03 /* JobDateTimeView.swift */,
				FF6527822C1424460077E630 /* JobHoursView.swift */,
				FF6527842C1429FD0077E630 /* AddEquipmentFormView.swift */,
				FF05FD5F2C1444E30083B839 /* JobPaymentView.swift */,
			);
			path = "Add Job Views";
			sourceTree = "<group>";
		};
		D0E923CD2C0E8D250070977A = {
			isa = PBXGroup;
			children = (
				D0E923D82C0E8D250070977A /* App1 */,
				D0E923D72C0E8D250070977A /* Products */,
			);
			sourceTree = "<group>";
		};
		D0E923D72C0E8D250070977A /* Products */ = {
			isa = PBXGroup;
			children = (
				D0E923D62C0E8D250070977A /* App1.app */,
			);
			name = Products;
			sourceTree = "<group>";
		};
		D0E923D82C0E8D250070977A /* App1 */ = {
			isa = PBXGroup;
			children = (
				D0D3A99B2C11B91B000DFFB8 /* Controllers */,
				D0D3A99C2C11B94A000DFFB8 /* Views */,
				D09C5ECE2C0F3F64002C6F89 /* Extensions and Vars */,
				D0E923ED2C0E8DBA0070977A /* Supporting */,
				D0E923E72C0E8D270070977A /* Info.plist */,
			);
			path = App1;
			sourceTree = "<group>";
		};
		D0E923ED2C0E8DBA0070977A /* Supporting */ = {
			isa = PBXGroup;
			children = (
				D0E923E22C0E8D270070977A /* Assets.xcassets */,
				D0E923E42C0E8D270070977A /* LaunchScreen.storyboard */,
				D0E923D92C0E8D250070977A /* AppDelegate.swift */,
				D0E923DB2C0E8D250070977A /* SceneDelegate.swift */,
			);
			path = Supporting;
			sourceTree = "<group>";
		};
		FFD8A99E2C157A4B009F5C8C /* Current Job Views */ = {
			isa = PBXGroup;
			children = (
				FFD8A99F2C157A6E009F5C8C /* CurrentJobsCell.swift */,
			);
			path = "Current Job Views";
			sourceTree = "<group>";
		};
		FFD8A9A32C15B9B8009F5C8C /* Job Info Views */ = {
			isa = PBXGroup;
			children = (
				FFD8A9A42C15B9EB009F5C8C /* JobQuickInfoView.swift */,
				FF45E4B22C161047000F1BE7 /* JobDescriptionView.swift */,
				FF45E4B42C1613BA000F1BE7 /* JobPhotosVideosView.swift */,
				FF45E4B62C161674000F1BE7 /* JobHelperInfoView.swift */,
			);
			path = "Job Info Views";
			sourceTree = "<group>";
		};
/* End PBXGroup section */

/* Begin PBXNativeTarget section */
		D0E923D52C0E8D250070977A /* App1 */ = {
			isa = PBXNativeTarget;
			buildConfigurationList = D0E923EA2C0E8D270070977A /* Build configuration list for PBXNativeTarget "App1" */;
			buildPhases = (
				D0E923D22C0E8D250070977A /* Sources */,
				D0E923D32C0E8D250070977A /* Frameworks */,
				D0E923D42C0E8D250070977A /* Resources */,
			);
			buildRules = (
			);
			dependencies = (
			);
			name = App1;
			productName = App1;
			productReference = D0E923D62C0E8D250070977A /* App1.app */;
			productType = "com.apple.product-type.application";
		};
/* End PBXNativeTarget section */

/* Begin PBXProject section */
		D0E923CE2C0E8D250070977A /* Project object */ = {
			isa = PBXProject;
			attributes = {
				BuildIndependentTargetsInParallel = 1;
				LastSwiftUpdateCheck = 1540;
				LastUpgradeCheck = 1540;
				TargetAttributes = {
					D0E923D52C0E8D250070977A = {
						CreatedOnToolsVersion = 15.4;
					};
				};
			};
			buildConfigurationList = D0E923D12C0E8D250070977A /* Build configuration list for PBXProject "App1" */;
			compatibilityVersion = "Xcode 14.0";
			developmentRegion = en;
			hasScannedForEncodings = 0;
			knownRegions = (
				en,
				Base,
			);
			mainGroup = D0E923CD2C0E8D250070977A;
			productRefGroup = D0E923D72C0E8D250070977A /* Products */;
			projectDirPath = "";
			projectRoot = "";
			targets = (
				D0E923D52C0E8D250070977A /* App1 */,
			);
		};
/* End PBXProject section */

/* Begin PBXResourcesBuildPhase section */
		D0E923D42C0E8D250070977A /* Resources */ = {
			isa = PBXResourcesBuildPhase;
			buildActionMask = 2147483647;
			files = (
				D0E923E32C0E8D270070977A /* Assets.xcassets in Resources */,
				D0E923E62C0E8D270070977A /* Base in Resources */,
			);
			runOnlyForDeploymentPostprocessing = 0;
		};
/* End PBXResourcesBuildPhase section */

/* Begin PBXSourcesBuildPhase section */
		D0E923D22C0E8D250070977A /* Sources */ = {
			isa = PBXSourcesBuildPhase;
			buildActionMask = 2147483647;
			files = (
				FF6527832C1424460077E630 /* JobHoursView.swift in Sources */,
				D0C5CED42C12EEBA002582D4 /* JobKindFormView.swift in Sources */,
				FFD8A99D2C157924009F5C8C /* CustomFunctions.swift in Sources */,
				FFD8A99B2C157908009F5C8C /* JobListing.swift in Sources */,
				D0D3A9962C11537C000DFFB8 /* SearchBarView.swift in Sources */,
				FFC07FDC2C141B190040EF03 /* JobDateTimeView.swift in Sources */,
				D0D3A9982C117C29000DFFB8 /* SearchTableCell.swift in Sources */,
				FF6527852C1429FD0077E630 /* AddEquipmentFormView.swift in Sources */,
				D09C5ED72C0F564D002C6F89 /* JobButtonView.swift in Sources */,
				D0E923F12C0E98670070977A /* ProfileController.swift in Sources */,
				FFD8A9A02C157A6E009F5C8C /* CurrentJobsCell.swift in Sources */,
				D0E923F32C0E98C90070977A /* TabController.swift in Sources */,
				D0E923DE2C0E8D250070977A /* HomeController.swift in Sources */,
				FF45E4B52C1613BA000F1BE7 /* JobPhotosVideosView.swift in Sources */,
				FFD8A9992C15588D009F5C8C /* LoadingScreenController.swift in Sources */,
				D09C5ED22C0F3F8E002C6F89 /* Constants.swift in Sources */,
				D0D3A99A2C11A868000DFFB8 /* Extensions.swift in Sources */,
				FFD8A9A22C15B99F009F5C8C /* JobInfoController.swift in Sources */,
				D09C5ED52C0F49F0002C6F89 /* JobCategoryView.swift in Sources */,
				D0C5CED62C12F3AF002582D4 /* DescriptionFormView.swift in Sources */,
				D0E923EF2C0E98420070977A /* CurrentJobsController.swift in Sources */,
				FFD8A9A52C15B9EB009F5C8C /* JobQuickInfoView.swift in Sources */,
				D0E923DA2C0E8D250070977A /* AppDelegate.swift in Sources */,
				D0C5CED82C130C8C002582D4 /* MediaFormView.swift in Sources */,
				FF45E4B72C161674000F1BE7 /* JobHelperInfoView.swift in Sources */,
				D0D3A99F2C11B975000DFFB8 /* CreateJobController.swift in Sources */,
				FF45E4B32C161047000F1BE7 /* JobDescriptionView.swift in Sources */,
				D0E923DC2C0E8D250070977A /* SceneDelegate.swift in Sources */,
				FF05FD602C1444E30083B839 /* JobPaymentView.swift in Sources */,
			);
			runOnlyForDeploymentPostprocessing = 0;
		};
/* End PBXSourcesBuildPhase section */

/* Begin PBXVariantGroup section */
		D0E923E42C0E8D270070977A /* LaunchScreen.storyboard */ = {
			isa = PBXVariantGroup;
			children = (
				D0E923E52C0E8D270070977A /* Base */,
			);
			name = LaunchScreen.storyboard;
			sourceTree = "<group>";
		};
/* End PBXVariantGroup section */

/* Begin XCBuildConfiguration section */
		D0E923E82C0E8D270070977A /* Debug */ = {
			isa = XCBuildConfiguration;
			buildSettings = {
				ALWAYS_SEARCH_USER_PATHS = NO;
				ASSETCATALOG_COMPILER_GENERATE_SWIFT_ASSET_SYMBOL_EXTENSIONS = YES;
				CLANG_ANALYZER_NONNULL = YES;
				CLANG_ANALYZER_NUMBER_OBJECT_CONVERSION = YES_AGGRESSIVE;
				CLANG_CXX_LANGUAGE_STANDARD = "gnu++20";
				CLANG_ENABLE_MODULES = YES;
				CLANG_ENABLE_OBJC_ARC = YES;
				CLANG_ENABLE_OBJC_WEAK = YES;
				CLANG_WARN_BLOCK_CAPTURE_AUTORELEASING = YES;
				CLANG_WARN_BOOL_CONVERSION = YES;
				CLANG_WARN_COMMA = YES;
				CLANG_WARN_CONSTANT_CONVERSION = YES;
				CLANG_WARN_DEPRECATED_OBJC_IMPLEMENTATIONS = YES;
				CLANG_WARN_DIRECT_OBJC_ISA_USAGE = YES_ERROR;
				CLANG_WARN_DOCUMENTATION_COMMENTS = YES;
				CLANG_WARN_EMPTY_BODY = YES;
				CLANG_WARN_ENUM_CONVERSION = YES;
				CLANG_WARN_INFINITE_RECURSION = YES;
				CLANG_WARN_INT_CONVERSION = YES;
				CLANG_WARN_NON_LITERAL_NULL_CONVERSION = YES;
				CLANG_WARN_OBJC_IMPLICIT_RETAIN_SELF = YES;
				CLANG_WARN_OBJC_LITERAL_CONVERSION = YES;
				CLANG_WARN_OBJC_ROOT_CLASS = YES_ERROR;
				CLANG_WARN_QUOTED_INCLUDE_IN_FRAMEWORK_HEADER = YES;
				CLANG_WARN_RANGE_LOOP_ANALYSIS = YES;
				CLANG_WARN_STRICT_PROTOTYPES = YES;
				CLANG_WARN_SUSPICIOUS_MOVE = YES;
				CLANG_WARN_UNGUARDED_AVAILABILITY = YES_AGGRESSIVE;
				CLANG_WARN_UNREACHABLE_CODE = YES;
				CLANG_WARN__DUPLICATE_METHOD_MATCH = YES;
				COPY_PHASE_STRIP = NO;
				DEBUG_INFORMATION_FORMAT = dwarf;
				ENABLE_STRICT_OBJC_MSGSEND = YES;
				ENABLE_TESTABILITY = YES;
				ENABLE_USER_SCRIPT_SANDBOXING = YES;
				GCC_C_LANGUAGE_STANDARD = gnu17;
				GCC_DYNAMIC_NO_PIC = NO;
				GCC_NO_COMMON_BLOCKS = YES;
				GCC_OPTIMIZATION_LEVEL = 0;
				GCC_PREPROCESSOR_DEFINITIONS = (
					"DEBUG=1",
					"$(inherited)",
				);
				GCC_WARN_64_TO_32_BIT_CONVERSION = YES;
				GCC_WARN_ABOUT_RETURN_TYPE = YES_ERROR;
				GCC_WARN_UNDECLARED_SELECTOR = YES;
				GCC_WARN_UNINITIALIZED_AUTOS = YES_AGGRESSIVE;
				GCC_WARN_UNUSED_FUNCTION = YES;
				GCC_WARN_UNUSED_VARIABLE = YES;
				IPHONEOS_DEPLOYMENT_TARGET = 16.0;
				LOCALIZATION_PREFERS_STRING_CATALOGS = YES;
				MTL_ENABLE_DEBUG_INFO = INCLUDE_SOURCE;
				MTL_FAST_MATH = YES;
				ONLY_ACTIVE_ARCH = YES;
				SDKROOT = iphoneos;
				SWIFT_ACTIVE_COMPILATION_CONDITIONS = "DEBUG $(inherited)";
				SWIFT_OPTIMIZATION_LEVEL = "-Onone";
			};
			name = Debug;
		};
		D0E923E92C0E8D270070977A /* Release */ = {
			isa = XCBuildConfiguration;
			buildSettings = {
				ALWAYS_SEARCH_USER_PATHS = NO;
				ASSETCATALOG_COMPILER_GENERATE_SWIFT_ASSET_SYMBOL_EXTENSIONS = YES;
				CLANG_ANALYZER_NONNULL = YES;
				CLANG_ANALYZER_NUMBER_OBJECT_CONVERSION = YES_AGGRESSIVE;
				CLANG_CXX_LANGUAGE_STANDARD = "gnu++20";
				CLANG_ENABLE_MODULES = YES;
				CLANG_ENABLE_OBJC_ARC = YES;
				CLANG_ENABLE_OBJC_WEAK = YES;
				CLANG_WARN_BLOCK_CAPTURE_AUTORELEASING = YES;
				CLANG_WARN_BOOL_CONVERSION = YES;
				CLANG_WARN_COMMA = YES;
				CLANG_WARN_CONSTANT_CONVERSION = YES;
				CLANG_WARN_DEPRECATED_OBJC_IMPLEMENTATIONS = YES;
				CLANG_WARN_DIRECT_OBJC_ISA_USAGE = YES_ERROR;
				CLANG_WARN_DOCUMENTATION_COMMENTS = YES;
				CLANG_WARN_EMPTY_BODY = YES;
				CLANG_WARN_ENUM_CONVERSION = YES;
				CLANG_WARN_INFINITE_RECURSION = YES;
				CLANG_WARN_INT_CONVERSION = YES;
				CLANG_WARN_NON_LITERAL_NULL_CONVERSION = YES;
				CLANG_WARN_OBJC_IMPLICIT_RETAIN_SELF = YES;
				CLANG_WARN_OBJC_LITERAL_CONVERSION = YES;
				CLANG_WARN_OBJC_ROOT_CLASS = YES_ERROR;
				CLANG_WARN_QUOTED_INCLUDE_IN_FRAMEWORK_HEADER = YES;
				CLANG_WARN_RANGE_LOOP_ANALYSIS = YES;
				CLANG_WARN_STRICT_PROTOTYPES = YES;
				CLANG_WARN_SUSPICIOUS_MOVE = YES;
				CLANG_WARN_UNGUARDED_AVAILABILITY = YES_AGGRESSIVE;
				CLANG_WARN_UNREACHABLE_CODE = YES;
				CLANG_WARN__DUPLICATE_METHOD_MATCH = YES;
				COPY_PHASE_STRIP = NO;
				DEBUG_INFORMATION_FORMAT = "dwarf-with-dsym";
				ENABLE_NS_ASSERTIONS = NO;
				ENABLE_STRICT_OBJC_MSGSEND = YES;
				ENABLE_USER_SCRIPT_SANDBOXING = YES;
				GCC_C_LANGUAGE_STANDARD = gnu17;
				GCC_NO_COMMON_BLOCKS = YES;
				GCC_WARN_64_TO_32_BIT_CONVERSION = YES;
				GCC_WARN_ABOUT_RETURN_TYPE = YES_ERROR;
				GCC_WARN_UNDECLARED_SELECTOR = YES;
				GCC_WARN_UNINITIALIZED_AUTOS = YES_AGGRESSIVE;
				GCC_WARN_UNUSED_FUNCTION = YES;
				GCC_WARN_UNUSED_VARIABLE = YES;
				IPHONEOS_DEPLOYMENT_TARGET = 16.0;
				LOCALIZATION_PREFERS_STRING_CATALOGS = YES;
				MTL_ENABLE_DEBUG_INFO = NO;
				MTL_FAST_MATH = YES;
				SDKROOT = iphoneos;
				SWIFT_COMPILATION_MODE = wholemodule;
				VALIDATE_PRODUCT = YES;
			};
			name = Release;
		};
		D0E923EB2C0E8D270070977A /* Debug */ = {
			isa = XCBuildConfiguration;
			buildSettings = {
				ASSETCATALOG_COMPILER_APPICON_NAME = AppIcon;
				ASSETCATALOG_COMPILER_GLOBAL_ACCENT_COLOR_NAME = AccentColor;
				CODE_SIGN_STYLE = Automatic;
				CURRENT_PROJECT_VERSION = 1;
				DEVELOPMENT_TEAM = C7N9TB3C7K;
				GENERATE_INFOPLIST_FILE = YES;
				INFOPLIST_FILE = App1/Info.plist;
				INFOPLIST_KEY_LSApplicationCategoryType = "";
				INFOPLIST_KEY_UIApplicationSupportsIndirectInputEvents = YES;
				INFOPLIST_KEY_UILaunchStoryboardName = LaunchScreen;
				INFOPLIST_KEY_UISupportedInterfaceOrientations_iPad = "UIInterfaceOrientationPortrait UIInterfaceOrientationPortraitUpsideDown UIInterfaceOrientationLandscapeLeft UIInterfaceOrientationLandscapeRight";
				INFOPLIST_KEY_UISupportedInterfaceOrientations_iPhone = "UIInterfaceOrientationPortrait UIInterfaceOrientationLandscapeLeft UIInterfaceOrientationLandscapeRight";
				IPHONEOS_DEPLOYMENT_TARGET = 16.0;
				LD_RUNPATH_SEARCH_PATHS = (
					"$(inherited)",
					"@executable_path/Frameworks",
				);
				MARKETING_VERSION = 1.0;
				PRODUCT_BUNDLE_IDENTIFIER = com.gabrielcastilloh.App1;
				PRODUCT_NAME = "$(TARGET_NAME)";
				SUPPORTED_PLATFORMS = "iphoneos iphonesimulator";
				SUPPORTS_MACCATALYST = NO;
				SUPPORTS_MAC_DESIGNED_FOR_IPHONE_IPAD = NO;
				SUPPORTS_XR_DESIGNED_FOR_IPHONE_IPAD = NO;
				SWIFT_EMIT_LOC_STRINGS = YES;
				SWIFT_VERSION = 5.0;
				TARGETED_DEVICE_FAMILY = "1,2";
			};
			name = Debug;
		};
		D0E923EC2C0E8D270070977A /* Release */ = {
			isa = XCBuildConfiguration;
			buildSettings = {
				ASSETCATALOG_COMPILER_APPICON_NAME = AppIcon;
				ASSETCATALOG_COMPILER_GLOBAL_ACCENT_COLOR_NAME = AccentColor;
				CODE_SIGN_STYLE = Automatic;
				CURRENT_PROJECT_VERSION = 1;
				DEVELOPMENT_TEAM = C7N9TB3C7K;
				GENERATE_INFOPLIST_FILE = YES;
				INFOPLIST_FILE = App1/Info.plist;
				INFOPLIST_KEY_LSApplicationCategoryType = "";
				INFOPLIST_KEY_UIApplicationSupportsIndirectInputEvents = YES;
				INFOPLIST_KEY_UILaunchStoryboardName = LaunchScreen;
				INFOPLIST_KEY_UISupportedInterfaceOrientations_iPad = "UIInterfaceOrientationPortrait UIInterfaceOrientationPortraitUpsideDown UIInterfaceOrientationLandscapeLeft UIInterfaceOrientationLandscapeRight";
				INFOPLIST_KEY_UISupportedInterfaceOrientations_iPhone = "UIInterfaceOrientationPortrait UIInterfaceOrientationLandscapeLeft UIInterfaceOrientationLandscapeRight";
				IPHONEOS_DEPLOYMENT_TARGET = 16.0;
				LD_RUNPATH_SEARCH_PATHS = (
					"$(inherited)",
					"@executable_path/Frameworks",
				);
				MARKETING_VERSION = 1.0;
				PRODUCT_BUNDLE_IDENTIFIER = com.gabrielcastilloh.App1;
				PRODUCT_NAME = "$(TARGET_NAME)";
				SUPPORTED_PLATFORMS = "iphoneos iphonesimulator";
				SUPPORTS_MACCATALYST = NO;
				SUPPORTS_MAC_DESIGNED_FOR_IPHONE_IPAD = NO;
				SUPPORTS_XR_DESIGNED_FOR_IPHONE_IPAD = NO;
				SWIFT_EMIT_LOC_STRINGS = YES;
				SWIFT_VERSION = 5.0;
				TARGETED_DEVICE_FAMILY = "1,2";
			};
			name = Release;
		};
/* End XCBuildConfiguration section */

/* Begin XCConfigurationList section */
		D0E923D12C0E8D250070977A /* Build configuration list for PBXProject "App1" */ = {
			isa = XCConfigurationList;
			buildConfigurations = (
				D0E923E82C0E8D270070977A /* Debug */,
				D0E923E92C0E8D270070977A /* Release */,
			);
			defaultConfigurationIsVisible = 0;
			defaultConfigurationName = Release;
		};
		D0E923EA2C0E8D270070977A /* Build configuration list for PBXNativeTarget "App1" */ = {
			isa = XCConfigurationList;
			buildConfigurations = (
				D0E923EB2C0E8D270070977A /* Debug */,
				D0E923EC2C0E8D270070977A /* Release */,
			);
			defaultConfigurationIsVisible = 0;
			defaultConfigurationName = Release;
		};
/* End XCConfigurationList section */
	};
	rootObject = D0E923CE2C0E8D250070977A /* Project object */;
}
